// !$*UTF8*$!
{
	archiveVersion = 1;
	classes = {
	};
	objectVersion = 70;
	objects = {

/* Begin PBXBuildFile section */
		C40C14302EA5757E0056EA34 /* BubbleText.swift in Sources */ = {isa = PBXBuildFile; fileRef = C40C142F2EA5757E0056EA34 /* BubbleText.swift */; };
		C40C14332EA578130056EA34 /* FocusModifier.swift in Sources */ = {isa = PBXBuildFile; fileRef = C40C14322EA578130056EA34 /* FocusModifier.swift */; };
		C40C14352EA57B8B0056EA34 /* PixelateView.swift in Sources */ = {isa = PBXBuildFile; fileRef = C40C14342EA57B8A0056EA34 /* PixelateView.swift */; };
		C40C42DF2EB7B9CC008C77C3 /* GoogleService-Info.plist in Resources */ = {isa = PBXBuildFile; fileRef = C40C42DE2EB7B9CC008C77C3 /* GoogleService-Info.plist */; };
		C449FC452ECA3209009E61FC /* Colors.swift in Sources */ = {isa = PBXBuildFile; fileRef = C449FC442ECA3209009E61FC /* Colors.swift */; };
		C45934452F7AAE07002661E6 /* ElechimCore in Frameworks */ = {isa = PBXBuildFile; productRef = C45934442F7AAE07002661E6 /* ElechimCore */; };
		C45934482F7AAED6002661E6 /* Services in Frameworks */ = {isa = PBXBuildFile; productRef = C45934472F7AAED6002661E6 /* Services */; };
		C459344A2F7AB588002661E6 /* ChronologyRepositoryProtocol.swift in Sources */ = {isa = PBXBuildFile; fileRef = C45934492F7AB588002661E6 /* ChronologyRepositoryProtocol.swift */; };
		C459344C2F7AB6B4002661E6 /* ChronologyRepository.swift in Sources */ = {isa = PBXBuildFile; fileRef = C459344B2F7AB6B4002661E6 /* ChronologyRepository.swift */; };
		C459344E2F7AB738002661E6 /* FetchChronologyUseCase.swift in Sources */ = {isa = PBXBuildFile; fileRef = C459344D2F7AB738002661E6 /* FetchChronologyUseCase.swift */; };
		C45934512F7BB8C5002661E6 /* DependecyContainer.swift in Sources */ = {isa = PBXBuildFile; fileRef = C45934502F7BB8C5002661E6 /* DependecyContainer.swift */; };
		C45934532F7BB949002661E6 /* UpdateChronologyUseCase.swift in Sources */ = {isa = PBXBuildFile; fileRef = C45934522F7BB949002661E6 /* UpdateChronologyUseCase.swift */; };
		C45934562F7BBF6A002661E6 /* MovieRepositoryProtocol.swift in Sources */ = {isa = PBXBuildFile; fileRef = C45934552F7BBF6A002661E6 /* MovieRepositoryProtocol.swift */; };
		C45934582F7BBFBA002661E6 /* MovieRepository.swift in Sources */ = {isa = PBXBuildFile; fileRef = C45934572F7BBFBA002661E6 /* MovieRepository.swift */; };
		C459345A2F7BC002002661E6 /* FetchMovieUseCase.swift in Sources */ = {isa = PBXBuildFile; fileRef = C45934592F7BC002002661E6 /* FetchMovieUseCase.swift */; };
		C459345C2F7BCC00002661E6 /* AuthRepositoryProtocol.swift in Sources */ = {isa = PBXBuildFile; fileRef = C459345B2F7BCC00002661E6 /* AuthRepositoryProtocol.swift */; };
		C459345E2F7BCD86002661E6 /* AuthRepository.swift in Sources */ = {isa = PBXBuildFile; fileRef = C459345D2F7BCD86002661E6 /* AuthRepository.swift */; };
		C45934612F7BD097002661E6 /* FirebaseAnalytics in Frameworks */ = {isa = PBXBuildFile; productRef = C45934602F7BD097002661E6 /* FirebaseAnalytics */; };
		C45934642F7BD0A7002661E6 /* FirebaseAuth in Frameworks */ = {isa = PBXBuildFile; productRef = C45934632F7BD0A7002661E6 /* FirebaseAuth */; };
		C45934662F7BD5B0002661E6 /* GetCurrentUserUseCase.swift in Sources */ = {isa = PBXBuildFile; fileRef = C45934652F7BD5B0002661E6 /* GetCurrentUserUseCase.swift */; };
		C45934682F7BD70E002661E6 /* CredentialRepositoryProtocol.swift in Sources */ = {isa = PBXBuildFile; fileRef = C45934672F7BD70E002661E6 /* CredentialRepositoryProtocol.swift */; };
		C459346A2F7BD78D002661E6 /* CredentialRepository.swift in Sources */ = {isa = PBXBuildFile; fileRef = C45934692F7BD78D002661E6 /* CredentialRepository.swift */; };
		C459346C2F7BD8E7002661E6 /* LogoutUseCase.swift in Sources */ = {isa = PBXBuildFile; fileRef = C459346B2F7BD8E7002661E6 /* LogoutUseCase.swift */; };
		C459346E2F7BD907002661E6 /* LoginUseCase.swift in Sources */ = {isa = PBXBuildFile; fileRef = C459346D2F7BD907002661E6 /* LoginUseCase.swift */; };
		C45934702F7C02B6002661E6 /* Coordinator.swift in Sources */ = {isa = PBXBuildFile; fileRef = C459346F2F7C02B6002661E6 /* Coordinator.swift */; };
		C45934722F7C0803002661E6 /* RestoreSessionUseCase.swift in Sources */ = {isa = PBXBuildFile; fileRef = C45934712F7C0803002661E6 /* RestoreSessionUseCase.swift */; };
		C45934742F7C0E41002661E6 /* SessionManager.swift in Sources */ = {isa = PBXBuildFile; fileRef = C45934732F7C0E41002661E6 /* SessionManager.swift */; };
		C45934772F7D2C33002661E6 /* CustomProgressView.swift in Sources */ = {isa = PBXBuildFile; fileRef = C45934762F7D2C33002661E6 /* CustomProgressView.swift */; };
		C4640A5F29BD541C008684A1 /* Page.swift in Sources */ = {isa = PBXBuildFile; fileRef = C4640A5E29BD541B008684A1 /* Page.swift */; };
		C465E10D2EB660FA00E7D0D5 /* ButtonView.swift in Sources */ = {isa = PBXBuildFile; fileRef = C465E10C2EB660FA00E7D0D5 /* ButtonView.swift */; };
		C465E1102EB672BC00E7D0D5 /* FilmDetailView.swift in Sources */ = {isa = PBXBuildFile; fileRef = C465E10F2EB672BC00E7D0D5 /* FilmDetailView.swift */; };
		C465E1132EB673DA00E7D0D5 /* ChronologyCardView.swift in Sources */ = {isa = PBXBuildFile; fileRef = C465E1122EB673DA00E7D0D5 /* ChronologyCardView.swift */; };
		C465E1152EB67A1600E7D0D5 /* DoubleText.swift in Sources */ = {isa = PBXBuildFile; fileRef = C465E1142EB67A1600E7D0D5 /* DoubleText.swift */; };
		C47E10822A41DFCD004E1567 /* Shaders.metal in Sources */ = {isa = PBXBuildFile; fileRef = C47E10812A41DFCD004E1567 /* Shaders.metal */; };
		C4AB2F002EB79AC200DAE7BF /* CachedAsyncImage in Frameworks */ = {isa = PBXBuildFile; productRef = C4AB2EFF2EB79AC200DAE7BF /* CachedAsyncImage */; };
		C4BCC8BB2F7E5DEC00AB4144 /* SectionPages.swift in Sources */ = {isa = PBXBuildFile; fileRef = C4BCC8BA2F7E5DEC00AB4144 /* SectionPages.swift */; };
		C4BCC8BD2F7E61E200AB4144 /* PlayerManager.swift in Sources */ = {isa = PBXBuildFile; fileRef = C4BCC8BC2F7E61E200AB4144 /* PlayerManager.swift */; };
		C4C044522E4FA9B700E947F4 /* Localizable.strings in Resources */ = {isa = PBXBuildFile; fileRef = C4C044502E4FA9B700E947F4 /* Localizable.strings */; };
		C4C7A78B28A2A08B001CB803 /* VideoOnThemandApp.swift in Sources */ = {isa = PBXBuildFile; fileRef = C4C7A78A28A2A08B001CB803 /* VideoOnThemandApp.swift */; };
		C4C7A78D28A2A08B001CB803 /* ContentView.swift in Sources */ = {isa = PBXBuildFile; fileRef = C4C7A78C28A2A08B001CB803 /* ContentView.swift */; };
		C4C7A79228A2A08D001CB803 /* Preview Assets.xcassets in Resources */ = {isa = PBXBuildFile; fileRef = C4C7A79128A2A08D001CB803 /* Preview Assets.xcassets */; };
		C4C7A79B28A2A1A9001CB803 /* LoginViewModel.swift in Sources */ = {isa = PBXBuildFile; fileRef = C4C7A79A28A2A1A9001CB803 /* LoginViewModel.swift */; };
		C4C7A79E28A2A254001CB803 /* Film.swift in Sources */ = {isa = PBXBuildFile; fileRef = C4C7A79D28A2A254001CB803 /* Film.swift */; };
		C4C7A7A028A2A411001CB803 /* Utente.swift in Sources */ = {isa = PBXBuildFile; fileRef = C4C7A79F28A2A411001CB803 /* Utente.swift */; };
		C4C7A7A228A2A4CF001CB803 /* HomeViewModel.swift in Sources */ = {isa = PBXBuildFile; fileRef = C4C7A7A128A2A4CF001CB803 /* HomeViewModel.swift */; };
		C4C7A7A428A2A573001CB803 /* LoginView.swift in Sources */ = {isa = PBXBuildFile; fileRef = C4C7A7A328A2A573001CB803 /* LoginView.swift */; };
		C4C7A7BC28A2C298001CB803 /* HomeView.swift in Sources */ = {isa = PBXBuildFile; fileRef = C4C7A7BB28A2C298001CB803 /* HomeView.swift */; };
		C4C7A7BE28A40278001CB803 /* SettingsView.swift in Sources */ = {isa = PBXBuildFile; fileRef = C4C7A7BD28A40278001CB803 /* SettingsView.swift */; };
		C4C7A7C028A50694001CB803 /* FilmThumbnailView.swift in Sources */ = {isa = PBXBuildFile; fileRef = C4C7A7BF28A50694001CB803 /* FilmThumbnailView.swift */; };
		C4C7A7C228A507D5001CB803 /* VideoPlayerView.swift in Sources */ = {isa = PBXBuildFile; fileRef = C4C7A7C128A507D5001CB803 /* VideoPlayerView.swift */; };
		C4C7A7C428A50C6B001CB803 /* test.mp4 in Resources */ = {isa = PBXBuildFile; fileRef = C4C7A7C328A50868001CB803 /* test.mp4 */; };
		C4CC5D092E5DB14C00C4B007 /* ChronologyViewModel.swift in Sources */ = {isa = PBXBuildFile; fileRef = C4CC5D082E5DB14C00C4B007 /* ChronologyViewModel.swift */; };
		C4CC5D142E5DC66800C4B007 /* PageManager.swift in Sources */ = {isa = PBXBuildFile; fileRef = C4CC5D132E5DC66800C4B007 /* PageManager.swift */; };
		C4E4BBBC2F142F5D00C18E02 /* Assets.xcassets in Resources */ = {isa = PBXBuildFile; fileRef = C4C7A78E28A2A08D001CB803 /* Assets.xcassets */; };
		C4E532612E5CC25800AEADBB /* Chronology.swift in Sources */ = {isa = PBXBuildFile; fileRef = C4E532602E5CC25800AEADBB /* Chronology.swift */; };
		C4E532652E5CCE1000AEADBB /* ChronologyView.swift in Sources */ = {isa = PBXBuildFile; fileRef = C4E532632E5CCE1000AEADBB /* ChronologyView.swift */; };
/* End PBXBuildFile section */

/* Begin PBXContainerItemProxy section */
		C4BCC8C62F7E6CB700AB4144 /* PBXContainerItemProxy */ = {
			isa = PBXContainerItemProxy;
			containerPortal = C4C7A77F28A2A08B001CB803 /* Project object */;
			proxyType = 1;
			remoteGlobalIDString = C4C7A78628A2A08B001CB803;
			remoteInfo = VideoOnThemand;
		};
/* End PBXContainerItemProxy section */

/* Begin PBXFileReference section */
		C40C142F2EA5757E0056EA34 /* BubbleText.swift */ = {isa = PBXFileReference; lastKnownFileType = sourcecode.swift; path = BubbleText.swift; sourceTree = "<group>"; };
		C40C14322EA578130056EA34 /* FocusModifier.swift */ = {isa = PBXFileReference; lastKnownFileType = sourcecode.swift; path = FocusModifier.swift; sourceTree = "<group>"; };
		C40C14342EA57B8A0056EA34 /* PixelateView.swift */ = {isa = PBXFileReference; lastKnownFileType = sourcecode.swift; path = PixelateView.swift; sourceTree = "<group>"; };
		C40C42DE2EB7B9CC008C77C3 /* GoogleService-Info.plist */ = {isa = PBXFileReference; lastKnownFileType = text.plist.xml; path = "GoogleService-Info.plist"; sourceTree = "<group>"; };
		C449FC442ECA3209009E61FC /* Colors.swift */ = {isa = PBXFileReference; lastKnownFileType = sourcecode.swift; path = Colors.swift; sourceTree = "<group>"; };
		C4524EDD2A6E798900B22C1C /* Info.plist */ = {isa = PBXFileReference; lastKnownFileType = text.plist; path = Info.plist; sourceTree = "<group>"; };
		C45934492F7AB588002661E6 /* ChronologyRepositoryProtocol.swift */ = {isa = PBXFileReference; lastKnownFileType = sourcecode.swift; path = ChronologyRepositoryProtocol.swift; sourceTree = "<group>"; };
		C459344B2F7AB6B4002661E6 /* ChronologyRepository.swift */ = {isa = PBXFileReference; lastKnownFileType = sourcecode.swift; path = ChronologyRepository.swift; sourceTree = "<group>"; };
		C459344D2F7AB738002661E6 /* FetchChronologyUseCase.swift */ = {isa = PBXFileReference; lastKnownFileType = sourcecode.swift; path = FetchChronologyUseCase.swift; sourceTree = "<group>"; };
		C45934502F7BB8C5002661E6 /* DependecyContainer.swift */ = {isa = PBXFileReference; lastKnownFileType = sourcecode.swift; path = DependecyContainer.swift; sourceTree = "<group>"; };
		C45934522F7BB949002661E6 /* UpdateChronologyUseCase.swift */ = {isa = PBXFileReference; lastKnownFileType = sourcecode.swift; name = UpdateChronologyUseCase.swift; path = VideoOnThemand/Presentation/DependecyInjection/UpdateChronologyUseCase.swift; sourceTree = SOURCE_ROOT; };
		C45934552F7BBF6A002661E6 /* MovieRepositoryProtocol.swift */ = {isa = PBXFileReference; lastKnownFileType = sourcecode.swift; path = MovieRepositoryProtocol.swift; sourceTree = "<group>"; };
		C45934572F7BBFBA002661E6 /* MovieRepository.swift */ = {isa = PBXFileReference; lastKnownFileType = sourcecode.swift; name = MovieRepository.swift; path = "VideoOnThemand/Domain/Repository Protocols/MovieRepository.swift"; sourceTree = SOURCE_ROOT; };
		C45934592F7BC002002661E6 /* FetchMovieUseCase.swift */ = {isa = PBXFileReference; lastKnownFileType = sourcecode.swift; name = FetchMovieUseCase.swift; path = "VideoOnThemand/Domain/Repository Protocols/FetchMovieUseCase.swift"; sourceTree = SOURCE_ROOT; };
		C459345B2F7BCC00002661E6 /* AuthRepositoryProtocol.swift */ = {isa = PBXFileReference; lastKnownFileType = sourcecode.swift; path = AuthRepositoryProtocol.swift; sourceTree = "<group>"; };
		C459345D2F7BCD86002661E6 /* AuthRepository.swift */ = {isa = PBXFileReference; lastKnownFileType = sourcecode.swift; path = AuthRepository.swift; sourceTree = "<group>"; };
		C45934652F7BD5B0002661E6 /* GetCurrentUserUseCase.swift */ = {isa = PBXFileReference; lastKnownFileType = sourcecode.swift; path = GetCurrentUserUseCase.swift; sourceTree = "<group>"; };
		C45934672F7BD70E002661E6 /* CredentialRepositoryProtocol.swift */ = {isa = PBXFileReference; lastKnownFileType = sourcecode.swift; path = CredentialRepositoryProtocol.swift; sourceTree = "<group>"; };
		C45934692F7BD78D002661E6 /* CredentialRepository.swift */ = {isa = PBXFileReference; lastKnownFileType = sourcecode.swift; name = CredentialRepository.swift; path = "VideoOnThemand/Domain/Repository Protocols/CredentialRepository.swift"; sourceTree = SOURCE_ROOT; };
		C459346B2F7BD8E7002661E6 /* LogoutUseCase.swift */ = {isa = PBXFileReference; lastKnownFileType = sourcecode.swift; path = LogoutUseCase.swift; sourceTree = "<group>"; };
		C459346D2F7BD907002661E6 /* LoginUseCase.swift */ = {isa = PBXFileReference; lastKnownFileType = sourcecode.swift; path = LoginUseCase.swift; sourceTree = "<group>"; };
		C459346F2F7C02B6002661E6 /* Coordinator.swift */ = {isa = PBXFileReference; lastKnownFileType = sourcecode.swift; path = Coordinator.swift; sourceTree = "<group>"; };
		C45934712F7C0803002661E6 /* RestoreSessionUseCase.swift */ = {isa = PBXFileReference; lastKnownFileType = sourcecode.swift; path = RestoreSessionUseCase.swift; sourceTree = "<group>"; };
		C45934732F7C0E41002661E6 /* SessionManager.swift */ = {isa = PBXFileReference; lastKnownFileType = sourcecode.swift; path = SessionManager.swift; sourceTree = "<group>"; };
		C45934762F7D2C33002661E6 /* CustomProgressView.swift */ = {isa = PBXFileReference; lastKnownFileType = sourcecode.swift; path = CustomProgressView.swift; sourceTree = "<group>"; };
		C4640A5E29BD541B008684A1 /* Page.swift */ = {isa = PBXFileReference; lastKnownFileType = sourcecode.swift; path = Page.swift; sourceTree = "<group>"; };
		C465E10C2EB660FA00E7D0D5 /* ButtonView.swift */ = {isa = PBXFileReference; lastKnownFileType = sourcecode.swift; path = ButtonView.swift; sourceTree = "<group>"; };
		C465E10F2EB672BC00E7D0D5 /* FilmDetailView.swift */ = {isa = PBXFileReference; lastKnownFileType = sourcecode.swift; path = FilmDetailView.swift; sourceTree = "<group>"; };
		C465E1122EB673DA00E7D0D5 /* ChronologyCardView.swift */ = {isa = PBXFileReference; lastKnownFileType = sourcecode.swift; path = ChronologyCardView.swift; sourceTree = "<group>"; };
		C465E1142EB67A1600E7D0D5 /* DoubleText.swift */ = {isa = PBXFileReference; lastKnownFileType = sourcecode.swift; path = DoubleText.swift; sourceTree = "<group>"; };
		C47E10812A41DFCD004E1567 /* Shaders.metal */ = {isa = PBXFileReference; lastKnownFileType = sourcecode.metal; path = Shaders.metal; sourceTree = "<group>"; };
		C4BCC8BA2F7E5DEC00AB4144 /* SectionPages.swift */ = {isa = PBXFileReference; lastKnownFileType = sourcecode.swift; path = SectionPages.swift; sourceTree = "<group>"; };
		C4BCC8BC2F7E61E200AB4144 /* PlayerManager.swift */ = {isa = PBXFileReference; lastKnownFileType = sourcecode.swift; path = PlayerManager.swift; sourceTree = "<group>"; };
		C4BCC8C22F7E6CB700AB4144 /* VideoOnThemandTests.xctest */ = {isa = PBXFileReference; explicitFileType = wrapper.cfbundle; includeInIndex = 0; path = VideoOnThemandTests.xctest; sourceTree = BUILT_PRODUCTS_DIR; };
		C4C044512E4FA9B700E947F4 /* en */ = {isa = PBXFileReference; lastKnownFileType = text.plist.strings; name = en; path = en.lproj/Localizable.strings; sourceTree = "<group>"; };
		C4C044532E4FA9C200E947F4 /* it */ = {isa = PBXFileReference; lastKnownFileType = text.plist.strings; name = it; path = it.lproj/Localizable.strings; sourceTree = "<group>"; };
		C4C7A78728A2A08B001CB803 /* VideoOnThemand.app */ = {isa = PBXFileReference; explicitFileType = wrapper.application; includeInIndex = 0; path = VideoOnThemand.app; sourceTree = BUILT_PRODUCTS_DIR; };
		C4C7A78A28A2A08B001CB803 /* VideoOnThemandApp.swift */ = {isa = PBXFileReference; lastKnownFileType = sourcecode.swift; path = VideoOnThemandApp.swift; sourceTree = "<group>"; };
		C4C7A78C28A2A08B001CB803 /* ContentView.swift */ = {isa = PBXFileReference; lastKnownFileType = sourcecode.swift; path = ContentView.swift; sourceTree = "<group>"; };
		C4C7A78E28A2A08D001CB803 /* Assets.xcassets */ = {isa = PBXFileReference; lastKnownFileType = folder.assetcatalog; path = Assets.xcassets; sourceTree = "<group>"; };
		C4C7A79128A2A08D001CB803 /* Preview Assets.xcassets */ = {isa = PBXFileReference; lastKnownFileType = folder.assetcatalog; path = "Preview Assets.xcassets"; sourceTree = "<group>"; };
		C4C7A79A28A2A1A9001CB803 /* LoginViewModel.swift */ = {isa = PBXFileReference; lastKnownFileType = sourcecode.swift; path = LoginViewModel.swift; sourceTree = "<group>"; };
		C4C7A79D28A2A254001CB803 /* Film.swift */ = {isa = PBXFileReference; lastKnownFileType = sourcecode.swift; path = Film.swift; sourceTree = "<group>"; };
		C4C7A79F28A2A411001CB803 /* Utente.swift */ = {isa = PBXFileReference; lastKnownFileType = sourcecode.swift; path = Utente.swift; sourceTree = "<group>"; };
		C4C7A7A128A2A4CF001CB803 /* HomeViewModel.swift */ = {isa = PBXFileReference; lastKnownFileType = sourcecode.swift; path = HomeViewModel.swift; sourceTree = "<group>"; };
		C4C7A7A328A2A573001CB803 /* LoginView.swift */ = {isa = PBXFileReference; lastKnownFileType = sourcecode.swift; path = LoginView.swift; sourceTree = "<group>"; };
		C4C7A7BB28A2C298001CB803 /* HomeView.swift */ = {isa = PBXFileReference; lastKnownFileType = sourcecode.swift; path = HomeView.swift; sourceTree = "<group>"; };
		C4C7A7BD28A40278001CB803 /* SettingsView.swift */ = {isa = PBXFileReference; lastKnownFileType = sourcecode.swift; path = SettingsView.swift; sourceTree = "<group>"; };
		C4C7A7BF28A50694001CB803 /* FilmThumbnailView.swift */ = {isa = PBXFileReference; lastKnownFileType = sourcecode.swift; path = FilmThumbnailView.swift; sourceTree = "<group>"; };
		C4C7A7C128A507D5001CB803 /* VideoPlayerView.swift */ = {isa = PBXFileReference; lastKnownFileType = sourcecode.swift; path = VideoPlayerView.swift; sourceTree = "<group>"; };
		C4C7A7C328A50868001CB803 /* test.mp4 */ = {isa = PBXFileReference; lastKnownFileType = file; path = test.mp4; sourceTree = "<group>"; };
		C4CC5D082E5DB14C00C4B007 /* ChronologyViewModel.swift */ = {isa = PBXFileReference; lastKnownFileType = sourcecode.swift; path = ChronologyViewModel.swift; sourceTree = "<group>"; };
		C4CC5D132E5DC66800C4B007 /* PageManager.swift */ = {isa = PBXFileReference; lastKnownFileType = sourcecode.swift; path = PageManager.swift; sourceTree = "<group>"; };
		C4E532602E5CC25800AEADBB /* Chronology.swift */ = {isa = PBXFileReference; lastKnownFileType = sourcecode.swift; path = Chronology.swift; sourceTree = "<group>"; };
		C4E532632E5CCE1000AEADBB /* ChronologyView.swift */ = {isa = PBXFileReference; lastKnownFileType = sourcecode.swift; path = ChronologyView.swift; sourceTree = "<group>"; };
		C4F2537F2E7E08C800E58300 /* Appunti.txt */ = {isa = PBXFileReference; lastKnownFileType = text; path = Appunti.txt; sourceTree = "<group>"; };
/* End PBXFileReference section */

/* Begin PBXFileSystemSynchronizedRootGroup section */
		C40C42DD2EB7B9AD008C77C3 /* VideoOnTheMandGoogle */ = {isa = PBXFileSystemSynchronizedRootGroup; explicitFileTypes = {}; explicitFolders = (); path = VideoOnTheMandGoogle; sourceTree = "<group>"; };
		C4BCC8C32F7E6CB700AB4144 /* VideoOnThemandTests */ = {isa = PBXFileSystemSynchronizedRootGroup; explicitFileTypes = {}; explicitFolders = (); path = VideoOnThemandTests; sourceTree = "<group>"; };
/* End PBXFileSystemSynchronizedRootGroup section */

/* Begin PBXFrameworksBuildPhase section */
		C4BCC8BF2F7E6CB700AB4144 /* Frameworks */ = {
			isa = PBXFrameworksBuildPhase;
			buildActionMask = 2147483647;
			files = (
			);
			runOnlyForDeploymentPostprocessing = 0;
		};
		C4C7A78428A2A08B001CB803 /* Frameworks */ = {
			isa = PBXFrameworksBuildPhase;
			buildActionMask = 2147483647;
			files = (
				C45934482F7AAED6002661E6 /* Services in Frameworks */,
				C45934642F7BD0A7002661E6 /* FirebaseAuth in Frameworks */,
				C45934452F7AAE07002661E6 /* ElechimCore in Frameworks */,
				C45934612F7BD097002661E6 /* FirebaseAnalytics in Frameworks */,
				C4AB2F002EB79AC200DAE7BF /* CachedAsyncImage in Frameworks */,
			);
			runOnlyForDeploymentPostprocessing = 0;
		};
/* End PBXFrameworksBuildPhase section */

/* Begin PBXGroup section */
		C40C14312EA578010056EA34 /* CustomModifier */ = {
			isa = PBXGroup;
			children = (
				C40C14322EA578130056EA34 /* FocusModifier.swift */,
			);
			path = CustomModifier;
			sourceTree = "<group>";
		};
		C4201C302EA4202200766FB5 /* CustomText */ = {
			isa = PBXGroup;
			children = (
				C40C142F2EA5757E0056EA34 /* BubbleText.swift */,
				C40C14342EA57B8A0056EA34 /* PixelateView.swift */,
				C465E1142EB67A1600E7D0D5 /* DoubleText.swift */,
			);
			path = CustomText;
			sourceTree = "<group>";
		};
		C4201C312EA4203000766FB5 /* CustomButton */ = {
			isa = PBXGroup;
			children = (
				C465E10C2EB660FA00E7D0D5 /* ButtonView.swift */,
			);
			path = CustomButton;
			sourceTree = "<group>";
		};
		C4201C322EA420B000766FB5 /* CustomTextField */ = {
			isa = PBXGroup;
			children = (
			);
			path = CustomTextField;
			sourceTree = "<group>";
		};
		C45934342F7AABC0002661E6 /* Domain */ = {
			isa = PBXGroup;
			children = (
				C45934372F7AABEB002661E6 /* UseCases */,
				C45934362F7AABDD002661E6 /* Repository Protocols */,
				C45934352F7AABD2002661E6 /* Entities */,
				C45934732F7C0E41002661E6 /* SessionManager.swift */,
			);
			path = Domain;
			sourceTree = "<group>";
		};
		C45934352F7AABD2002661E6 /* Entities */ = {
			isa = PBXGroup;
			children = (
				C4C7A79D28A2A254001CB803 /* Film.swift */,
				C4C7A79F28A2A411001CB803 /* Utente.swift */,
				C4640A5E29BD541B008684A1 /* Page.swift */,
				C4E532602E5CC25800AEADBB /* Chronology.swift */,
				C4BCC8BA2F7E5DEC00AB4144 /* SectionPages.swift */,
			);
			path = Entities;
			sourceTree = "<group>";
		};
		C45934362F7AABDD002661E6 /* Repository Protocols */ = {
			isa = PBXGroup;
			children = (
				C45934492F7AB588002661E6 /* ChronologyRepositoryProtocol.swift */,
				C45934552F7BBF6A002661E6 /* MovieRepositoryProtocol.swift */,
				C459345B2F7BCC00002661E6 /* AuthRepositoryProtocol.swift */,
				C45934672F7BD70E002661E6 /* CredentialRepositoryProtocol.swift */,
			);
			path = "Repository Protocols";
			sourceTree = "<group>";
		};
		C45934372F7AABEB002661E6 /* UseCases */ = {
			isa = PBXGroup;
			children = (
				C459344D2F7AB738002661E6 /* FetchChronologyUseCase.swift */,
				C45934522F7BB949002661E6 /* UpdateChronologyUseCase.swift */,
				C45934592F7BC002002661E6 /* FetchMovieUseCase.swift */,
				C45934652F7BD5B0002661E6 /* GetCurrentUserUseCase.swift */,
				C459346B2F7BD8E7002661E6 /* LogoutUseCase.swift */,
				C459346D2F7BD907002661E6 /* LoginUseCase.swift */,
				C45934712F7C0803002661E6 /* RestoreSessionUseCase.swift */,
			);
			path = UseCases;
			sourceTree = "<group>";
		};
		C45934382F7AAC34002661E6 /* Infrastructure */ = {
			isa = PBXGroup;
			children = (
				C459343A2F7AAC49002661E6 /* Utils */,
				C45934392F7AAC42002661E6 /* Extension */,
				C4C044542E4FA9E800E947F4 /* Strings */,
			);
			path = Infrastructure;
			sourceTree = "<group>";
		};
		C45934392F7AAC42002661E6 /* Extension */ = {
			isa = PBXGroup;
			children = (
			);
			path = Extension;
			sourceTree = "<group>";
		};
		C459343A2F7AAC49002661E6 /* Utils */ = {
			isa = PBXGroup;
			children = (
			);
			path = Utils;
			sourceTree = "<group>";
		};
		C459343B2F7AAC59002661E6 /* Presentation */ = {
			isa = PBXGroup;
			children = (
				C45934542F7BBA54002661E6 /* Coordinator */,
				C459344F2F7BB8A0002661E6 /* DependecyInjection */,
				C459343E2F7AAC72002661E6 /* Views */,
				C459343D2F7AAC6A002661E6 /* ViewModels */,
				C459343C2F7AAC60002661E6 /* Components */,
			);
			path = Presentation;
			sourceTree = "<group>";
		};
		C459343C2F7AAC60002661E6 /* Components */ = {
			isa = PBXGroup;
			children = (
				C45934752F7D2C23002661E6 /* LoadingViews */,
				C465E1112EB673AE00E7D0D5 /* ChronologyViews */,
				C465E10E2EB6690300E7D0D5 /* FilmViews */,
				C40C14312EA578010056EA34 /* CustomModifier */,
				C4201C322EA420B000766FB5 /* CustomTextField */,
				C4201C312EA4203000766FB5 /* CustomButton */,
				C4201C302EA4202200766FB5 /* CustomText */,
				C449FC442ECA3209009E61FC /* Colors.swift */,
			);
			path = Components;
			sourceTree = "<group>";
		};
		C459343D2F7AAC6A002661E6 /* ViewModels */ = {
			isa = PBXGroup;
			children = (
				C4C7A79A28A2A1A9001CB803 /* LoginViewModel.swift */,
				C4C7A7A128A2A4CF001CB803 /* HomeViewModel.swift */,
				C4CC5D082E5DB14C00C4B007 /* ChronologyViewModel.swift */,
				C4BCC8BC2F7E61E200AB4144 /* PlayerManager.swift */,
			);
			path = ViewModels;
			sourceTree = "<group>";
		};
		C459343E2F7AAC72002661E6 /* Views */ = {
			isa = PBXGroup;
			children = (
				C4CC5D172E5DC96500C4B007 /* ManagerView */,
				C4CC5D162E5DC95800C4B007 /* Login */,
				C4CC5D122E5DC65200C4B007 /* Chronology */,
				C4CC5D112E5DC64600C4B007 /* Settings */,
				C4CC5D102E5DC63D00C4B007 /* Home */,
			);
			path = Views;
			sourceTree = "<group>";
		};
		C459343F2F7AACEC002661E6 /* Data */ = {
			isa = PBXGroup;
			children = (
				C45934422F7AAD04002661E6 /* Repositories */,
				C45934412F7AACFB002661E6 /* DataSources */,
				C45934402F7AACF4002661E6 /* Mappings */,
			);
			path = Data;
			sourceTree = "<group>";
		};
		C45934402F7AACF4002661E6 /* Mappings */ = {
			isa = PBXGroup;
			children = (
			);
			path = Mappings;
			sourceTree = "<group>";
		};
		C45934412F7AACFB002661E6 /* DataSources */ = {
			isa = PBXGroup;
			children = (
			);
			path = DataSources;
			sourceTree = "<group>";
		};
		C45934422F7AAD04002661E6 /* Repositories */ = {
			isa = PBXGroup;
			children = (
				C459344B2F7AB6B4002661E6 /* ChronologyRepository.swift */,
				C45934572F7BBFBA002661E6 /* MovieRepository.swift */,
				C459345D2F7BCD86002661E6 /* AuthRepository.swift */,
				C45934692F7BD78D002661E6 /* CredentialRepository.swift */,
			);
			path = Repositories;
			sourceTree = "<group>";
		};
		C459344F2F7BB8A0002661E6 /* DependecyInjection */ = {
			isa = PBXGroup;
			children = (
				C45934502F7BB8C5002661E6 /* DependecyContainer.swift */,
			);
			path = DependecyInjection;
			sourceTree = "<group>";
		};
		C45934542F7BBA54002661E6 /* Coordinator */ = {
			isa = PBXGroup;
			children = (
				C459346F2F7C02B6002661E6 /* Coordinator.swift */,
			);
			path = Coordinator;
			sourceTree = "<group>";
		};
		C45934622F7BD0A7002661E6 /* Frameworks */ = {
			isa = PBXGroup;
			children = (
			);
			name = Frameworks;
			sourceTree = "<group>";
		};
		C45934752F7D2C23002661E6 /* LoadingViews */ = {
			isa = PBXGroup;
			children = (
				C45934762F7D2C33002661E6 /* CustomProgressView.swift */,
			);
			path = LoadingViews;
			sourceTree = "<group>";
		};
		C465E10E2EB6690300E7D0D5 /* FilmViews */ = {
			isa = PBXGroup;
			children = (
				C4C7A7BF28A50694001CB803 /* FilmThumbnailView.swift */,
				C465E10F2EB672BC00E7D0D5 /* FilmDetailView.swift */,
			);
			path = FilmViews;
			sourceTree = "<group>";
		};
		C465E1112EB673AE00E7D0D5 /* ChronologyViews */ = {
			isa = PBXGroup;
			children = (
				C465E1122EB673DA00E7D0D5 /* ChronologyCardView.swift */,
			);
			path = ChronologyViews;
			sourceTree = "<group>";
		};
		C4C044542E4FA9E800E947F4 /* Strings */ = {
			isa = PBXGroup;
			children = (
				C4C044502E4FA9B700E947F4 /* Localizable.strings */,
			);
			path = Strings;
			sourceTree = "<group>";
		};
		C4C7A77E28A2A08B001CB803 = {
			isa = PBXGroup;
			children = (
				C4F2537F2E7E08C800E58300 /* Appunti.txt */,
				C4C7A78928A2A08B001CB803 /* VideoOnThemand */,
				C4BCC8C32F7E6CB700AB4144 /* VideoOnThemandTests */,
				C45934622F7BD0A7002661E6 /* Frameworks */,
				C4C7A78828A2A08B001CB803 /* Products */,
			);
			sourceTree = "<group>";
		};
		C4C7A78828A2A08B001CB803 /* Products */ = {
			isa = PBXGroup;
			children = (
				C4C7A78728A2A08B001CB803 /* VideoOnThemand.app */,
				C4BCC8C22F7E6CB700AB4144 /* VideoOnThemandTests.xctest */,
			);
			name = Products;
			sourceTree = "<group>";
		};
		C4C7A78928A2A08B001CB803 /* VideoOnThemand */ = {
			isa = PBXGroup;
			children = (
				C45934382F7AAC34002661E6 /* Infrastructure */,
				C459343F2F7AACEC002661E6 /* Data */,
				C45934342F7AABC0002661E6 /* Domain */,
				C459343B2F7AAC59002661E6 /* Presentation */,
				C40C42DD2EB7B9AD008C77C3 /* VideoOnTheMandGoogle */,
				C4524EDD2A6E798900B22C1C /* Info.plist */,
				C4C7A78A28A2A08B001CB803 /* VideoOnThemandApp.swift */,
				C4C7A7C328A50868001CB803 /* test.mp4 */,
				C4C7A78E28A2A08D001CB803 /* Assets.xcassets */,
				C4C7A79028A2A08D001CB803 /* Preview Content */,
				C40C42DE2EB7B9CC008C77C3 /* GoogleService-Info.plist */,
			);
			path = VideoOnThemand;
			sourceTree = "<group>";
		};
		C4C7A79028A2A08D001CB803 /* Preview Content */ = {
			isa = PBXGroup;
			children = (
				C4C7A79128A2A08D001CB803 /* Preview Assets.xcassets */,
			);
			path = "Preview Content";
			sourceTree = "<group>";
		};
		C4CC5D102E5DC63D00C4B007 /* Home */ = {
			isa = PBXGroup;
			children = (
				C4C7A7BB28A2C298001CB803 /* HomeView.swift */,
				C4C7A7C128A507D5001CB803 /* VideoPlayerView.swift */,
			);
			path = Home;
			sourceTree = "<group>";
		};
		C4CC5D112E5DC64600C4B007 /* Settings */ = {
			isa = PBXGroup;
			children = (
				C47E10812A41DFCD004E1567 /* Shaders.metal */,
				C4C7A7BD28A40278001CB803 /* SettingsView.swift */,
			);
			path = Settings;
			sourceTree = "<group>";
		};
		C4CC5D122E5DC65200C4B007 /* Chronology */ = {
			isa = PBXGroup;
			children = (
				C4E532632E5CCE1000AEADBB /* ChronologyView.swift */,
			);
			path = Chronology;
			sourceTree = "<group>";
		};
		C4CC5D162E5DC95800C4B007 /* Login */ = {
			isa = PBXGroup;
			children = (
				C4C7A7A328A2A573001CB803 /* LoginView.swift */,
			);
			path = Login;
			sourceTree = "<group>";
		};
		C4CC5D172E5DC96500C4B007 /* ManagerView */ = {
			isa = PBXGroup;
			children = (
				C4CC5D132E5DC66800C4B007 /* PageManager.swift */,
				C4C7A78C28A2A08B001CB803 /* ContentView.swift */,
			);
			path = ManagerView;
			sourceTree = "<group>";
		};
/* End PBXGroup section */

/* Begin PBXNativeTarget section */
		C4BCC8C12F7E6CB700AB4144 /* VideoOnThemandTests */ = {
			isa = PBXNativeTarget;
			buildConfigurationList = C4BCC8C82F7E6CB700AB4144 /* Build configuration list for PBXNativeTarget "VideoOnThemandTests" */;
			buildPhases = (
				C4BCC8BE2F7E6CB700AB4144 /* Sources */,
				C4BCC8BF2F7E6CB700AB4144 /* Frameworks */,
				C4BCC8C02F7E6CB700AB4144 /* Resources */,
			);
			buildRules = (
			);
			dependencies = (
				C4BCC8C72F7E6CB700AB4144 /* PBXTargetDependency */,
			);
			fileSystemSynchronizedGroups = (
				C4BCC8C32F7E6CB700AB4144 /* VideoOnThemandTests */,
			);
			name = VideoOnThemandTests;
			packageProductDependencies = (
			);
			productName = VideoOnThemandTests;
			productReference = C4BCC8C22F7E6CB700AB4144 /* VideoOnThemandTests.xctest */;
			productType = "com.apple.product-type.bundle.unit-test";
		};
		C4C7A78628A2A08B001CB803 /* VideoOnThemand */ = {
			isa = PBXNativeTarget;
			buildConfigurationList = C4C7A79528A2A08D001CB803 /* Build configuration list for PBXNativeTarget "VideoOnThemand" */;
			buildPhases = (
				C4C7A78328A2A08B001CB803 /* Sources */,
				C4C7A78428A2A08B001CB803 /* Frameworks */,
				C4C7A78528A2A08B001CB803 /* Resources */,
			);
			buildRules = (
			);
			dependencies = (
			);
			fileSystemSynchronizedGroups = (
				C40C42DD2EB7B9AD008C77C3 /* VideoOnTheMandGoogle */,
			);
			name = VideoOnThemand;
			packageProductDependencies = (
				C4AB2EFF2EB79AC200DAE7BF /* CachedAsyncImage */,
				C45934442F7AAE07002661E6 /* ElechimCore */,
				C45934472F7AAED6002661E6 /* Services */,
				C45934602F7BD097002661E6 /* FirebaseAnalytics */,
				C45934632F7BD0A7002661E6 /* FirebaseAuth */,
			);
			productName = VideoOnThemand;
			productReference = C4C7A78728A2A08B001CB803 /* VideoOnThemand.app */;
			productType = "com.apple.product-type.application";
		};
/* End PBXNativeTarget section */

/* Begin PBXProject section */
		C4C7A77F28A2A08B001CB803 /* Project object */ = {
			isa = PBXProject;
			attributes = {
				BuildIndependentTargetsInParallel = 1;
				LastSwiftUpdateCheck = 2630;
				LastUpgradeCheck = 1340;
				TargetAttributes = {
					C4BCC8C12F7E6CB700AB4144 = {
						CreatedOnToolsVersion = 26.3;
						TestTargetID = C4C7A78628A2A08B001CB803;
					};
					C4C7A78628A2A08B001CB803 = {
						CreatedOnToolsVersion = 13.4.1;
					};
				};
			};
			buildConfigurationList = C4C7A78228A2A08B001CB803 /* Build configuration list for PBXProject "VideoOnThemand" */;
			compatibilityVersion = "Xcode 13.0";
			developmentRegion = en;
			hasScannedForEncodings = 0;
			knownRegions = (
				en,
				Base,
				it,
			);
			mainGroup = C4C7A77E28A2A08B001CB803;
			packageReferences = (
				C4AB2EFE2EB79AC200DAE7BF /* XCLocalSwiftPackageReference "../CachedAsyncImage" */,
				C45934432F7AAE07002661E6 /* XCLocalSwiftPackageReference "../ElechimCore" */,
				C45934462F7AAED6002661E6 /* XCLocalSwiftPackageReference "../Services" */,
				C459345F2F7BD097002661E6 /* XCRemoteSwiftPackageReference "firebase-ios-sdk" */,
			);
			productRefGroup = C4C7A78828A2A08B001CB803 /* Products */;
			projectDirPath = "";
			projectRoot = "";
			targets = (
				C4C7A78628A2A08B001CB803 /* VideoOnThemand */,
				C4BCC8C12F7E6CB700AB4144 /* VideoOnThemandTests */,
			);
		};
/* End PBXProject section */

/* Begin PBXResourcesBuildPhase section */
		C4BCC8C02F7E6CB700AB4144 /* Resources */ = {
			isa = PBXResourcesBuildPhase;
			buildActionMask = 2147483647;
			files = (
			);
			runOnlyForDeploymentPostprocessing = 0;
		};
		C4C7A78528A2A08B001CB803 /* Resources */ = {
			isa = PBXResourcesBuildPhase;
			buildActionMask = 2147483647;
			files = (
				C4C044522E4FA9B700E947F4 /* Localizable.strings in Resources */,
				C40C42DF2EB7B9CC008C77C3 /* GoogleService-Info.plist in Resources */,
				C4C7A79228A2A08D001CB803 /* Preview Assets.xcassets in Resources */,
				C4E4BBBC2F142F5D00C18E02 /* Assets.xcassets in Resources */,
				C4C7A7C428A50C6B001CB803 /* test.mp4 in Resources */,
			);
			runOnlyForDeploymentPostprocessing = 0;
		};
/* End PBXResourcesBuildPhase section */

/* Begin PBXSourcesBuildPhase section */
		C4BCC8BE2F7E6CB700AB4144 /* Sources */ = {
			isa = PBXSourcesBuildPhase;
			buildActionMask = 2147483647;
			files = (
			);
			runOnlyForDeploymentPostprocessing = 0;
		};
		C4C7A78328A2A08B001CB803 /* Sources */ = {
			isa = PBXSourcesBuildPhase;
			buildActionMask = 2147483647;
			files = (
				C459346C2F7BD8E7002661E6 /* LogoutUseCase.swift in Sources */,
				C449FC452ECA3209009E61FC /* Colors.swift in Sources */,
				C45934562F7BBF6A002661E6 /* MovieRepositoryProtocol.swift in Sources */,
				C45934662F7BD5B0002661E6 /* GetCurrentUserUseCase.swift in Sources */,
				C4C7A7BC28A2C298001CB803 /* HomeView.swift in Sources */,
				C4E532612E5CC25800AEADBB /* Chronology.swift in Sources */,
				C4E532652E5CCE1000AEADBB /* ChronologyView.swift in Sources */,
				C40C14332EA578130056EA34 /* FocusModifier.swift in Sources */,
				C459344E2F7AB738002661E6 /* FetchChronologyUseCase.swift in Sources */,
				C459345C2F7BCC00002661E6 /* AuthRepositoryProtocol.swift in Sources */,
				C45934512F7BB8C5002661E6 /* DependecyContainer.swift in Sources */,
				C45934742F7C0E41002661E6 /* SessionManager.swift in Sources */,
				C4C7A78D28A2A08B001CB803 /* ContentView.swift in Sources */,
				C4C7A7A428A2A573001CB803 /* LoginView.swift in Sources */,
				C45934772F7D2C33002661E6 /* CustomProgressView.swift in Sources */,
				C4CC5D092E5DB14C00C4B007 /* ChronologyViewModel.swift in Sources */,
				C40C14352EA57B8B0056EA34 /* PixelateView.swift in Sources */,
				C4C7A7A228A2A4CF001CB803 /* HomeViewModel.swift in Sources */,
				C459344A2F7AB588002661E6 /* ChronologyRepositoryProtocol.swift in Sources */,
				C459346A2F7BD78D002661E6 /* CredentialRepository.swift in Sources */,
				C45934682F7BD70E002661E6 /* CredentialRepositoryProtocol.swift in Sources */,
				C459345A2F7BC002002661E6 /* FetchMovieUseCase.swift in Sources */,
				C4C7A7BE28A40278001CB803 /* SettingsView.swift in Sources */,
				C40C14302EA5757E0056EA34 /* BubbleText.swift in Sources */,
				C465E1132EB673DA00E7D0D5 /* ChronologyCardView.swift in Sources */,
				C45934532F7BB949002661E6 /* UpdateChronologyUseCase.swift in Sources */,
				C4C7A79E28A2A254001CB803 /* Film.swift in Sources */,
				C45934722F7C0803002661E6 /* RestoreSessionUseCase.swift in Sources */,
				C4640A5F29BD541C008684A1 /* Page.swift in Sources */,
				C47E10822A41DFCD004E1567 /* Shaders.metal in Sources */,
				C4BCC8BD2F7E61E200AB4144 /* PlayerManager.swift in Sources */,
				C4CC5D142E5DC66800C4B007 /* PageManager.swift in Sources */,
				C45934582F7BBFBA002661E6 /* MovieRepository.swift in Sources */,
				C465E1152EB67A1600E7D0D5 /* DoubleText.swift in Sources */,
				C4C7A78B28A2A08B001CB803 /* VideoOnThemandApp.swift in Sources */,
				C459344C2F7AB6B4002661E6 /* ChronologyRepository.swift in Sources */,
				C459345E2F7BCD86002661E6 /* AuthRepository.swift in Sources */,
				C4C7A79B28A2A1A9001CB803 /* LoginViewModel.swift in Sources */,
				C465E10D2EB660FA00E7D0D5 /* ButtonView.swift in Sources */,
				C45934702F7C02B6002661E6 /* Coordinator.swift in Sources */,
				C4BCC8BB2F7E5DEC00AB4144 /* SectionPages.swift in Sources */,
				C4C7A7C028A50694001CB803 /* FilmThumbnailView.swift in Sources */,
				C4C7A7A028A2A411001CB803 /* Utente.swift in Sources */,
				C465E1102EB672BC00E7D0D5 /* FilmDetailView.swift in Sources */,
				C4C7A7C228A507D5001CB803 /* VideoPlayerView.swift in Sources */,
				C459346E2F7BD907002661E6 /* LoginUseCase.swift in Sources */,
			);
			runOnlyForDeploymentPostprocessing = 0;
		};
/* End PBXSourcesBuildPhase section */

/* Begin PBXTargetDependency section */
		C4BCC8C72F7E6CB700AB4144 /* PBXTargetDependency */ = {
			isa = PBXTargetDependency;
			target = C4C7A78628A2A08B001CB803 /* VideoOnThemand */;
			targetProxy = C4BCC8C62F7E6CB700AB4144 /* PBXContainerItemProxy */;
		};
/* End PBXTargetDependency section */

/* Begin PBXVariantGroup section */
		C4C044502E4FA9B700E947F4 /* Localizable.strings */ = {
			isa = PBXVariantGroup;
			children = (
				C4C044512E4FA9B700E947F4 /* en */,
				C4C044532E4FA9C200E947F4 /* it */,
			);
			name = Localizable.strings;
			sourceTree = "<group>";
		};
/* End PBXVariantGroup section */

/* Begin XCBuildConfiguration section */
		C4BCC8C92F7E6CB700AB4144 /* Debug */ = {
			isa = XCBuildConfiguration;
			buildSettings = {
				ASSETCATALOG_COMPILER_GENERATE_SWIFT_ASSET_SYMBOL_EXTENSIONS = YES;
				BUNDLE_LOADER = "$(TEST_HOST)";
				CLANG_CXX_LANGUAGE_STANDARD = "gnu++20";
				CODE_SIGN_STYLE = Automatic;
				CURRENT_PROJECT_VERSION = 1;
				DEVELOPMENT_TEAM = G7DSPSWXXC;
				ENABLE_USER_SCRIPT_SANDBOXING = YES;
				GCC_C_LANGUAGE_STANDARD = gnu17;
				GENERATE_INFOPLIST_FILE = YES;
				LOCALIZATION_PREFERS_STRING_CATALOGS = YES;
				MARKETING_VERSION = 1.0;
				PRODUCT_BUNDLE_IDENTIFIER = com.MicheleManniello.VideoOnThemandTests;
				PRODUCT_NAME = "$(TARGET_NAME)";
				STRING_CATALOG_GENERATE_SYMBOLS = NO;
				SWIFT_ACTIVE_COMPILATION_CONDITIONS = "DEBUG $(inherited)";
				SWIFT_APPROACHABLE_CONCURRENCY = YES;
				SWIFT_EMIT_LOC_STRINGS = NO;
				SWIFT_UPCOMING_FEATURE_MEMBER_IMPORT_VISIBILITY = YES;
				SWIFT_VERSION = 5.0;
				TARGETED_DEVICE_FAMILY = 3;
				TEST_HOST = "$(BUILT_PRODUCTS_DIR)/VideoOnThemand.app/$(BUNDLE_EXECUTABLE_FOLDER_PATH)/VideoOnThemand";
				TVOS_DEPLOYMENT_TARGET = 26.0;
			};
			name = Debug;
		};
		C4BCC8CA2F7E6CB700AB4144 /* Release */ = {
			isa = XCBuildConfiguration;
			buildSettings = {
				ASSETCATALOG_COMPILER_GENERATE_SWIFT_ASSET_SYMBOL_EXTENSIONS = YES;
				BUNDLE_LOADER = "$(TEST_HOST)";
				CLANG_CXX_LANGUAGE_STANDARD = "gnu++20";
				CODE_SIGN_STYLE = Automatic;
				CURRENT_PROJECT_VERSION = 1;
				DEVELOPMENT_TEAM = G7DSPSWXXC;
				ENABLE_USER_SCRIPT_SANDBOXING = YES;
				GCC_C_LANGUAGE_STANDARD = gnu17;
				GENERATE_INFOPLIST_FILE = YES;
				LOCALIZATION_PREFERS_STRING_CATALOGS = YES;
				MARKETING_VERSION = 1.0;
				PRODUCT_BUNDLE_IDENTIFIER = com.MicheleManniello.VideoOnThemandTests;
				PRODUCT_NAME = "$(TARGET_NAME)";
				STRING_CATALOG_GENERATE_SYMBOLS = NO;
				SWIFT_APPROACHABLE_CONCURRENCY = YES;
				SWIFT_EMIT_LOC_STRINGS = NO;
				SWIFT_UPCOMING_FEATURE_MEMBER_IMPORT_VISIBILITY = YES;
				SWIFT_VERSION = 5.0;
				TARGETED_DEVICE_FAMILY = 3;
				TEST_HOST = "$(BUILT_PRODUCTS_DIR)/VideoOnThemand.app/$(BUNDLE_EXECUTABLE_FOLDER_PATH)/VideoOnThemand";
				TVOS_DEPLOYMENT_TARGET = 26.0;
			};
			name = Release;
		};
		C4C7A79328A2A08D001CB803 /* Debug */ = {
			isa = XCBuildConfiguration;
			buildSettings = {
				ALWAYS_SEARCH_USER_PATHS = NO;
				CLANG_ANALYZER_NONNULL = YES;
				CLANG_ANALYZER_NUMBER_OBJECT_CONVERSION = YES_AGGRESSIVE;
				CLANG_CXX_LANGUAGE_STANDARD = "gnu++17";
				CLANG_ENABLE_MODULES = YES;
				CLANG_ENABLE_OBJC_ARC = YES;
				CLANG_ENABLE_OBJC_WEAK = YES;
				CLANG_WARN_BLOCK_CAPTURE_AUTORELEASING = YES;
				CLANG_WARN_BOOL_CONVERSION = YES;
				CLANG_WARN_COMMA = YES;
				CLANG_WARN_CONSTANT_CONVERSION = YES;
				CLANG_WARN_DEPRECATED_OBJC_IMPLEMENTATIONS = YES;
				CLANG_WARN_DIRECT_OBJC_ISA_USAGE = YES_ERROR;
				CLANG_WARN_DOCUMENTATION_COMMENTS = YES;
				CLANG_WARN_EMPTY_BODY = YES;
				CLANG_WARN_ENUM_CONVERSION = YES;
				CLANG_WARN_INFINITE_RECURSION = YES;
				CLANG_WARN_INT_CONVERSION = YES;
				CLANG_WARN_NON_LITERAL_NULL_CONVERSION = YES;
				CLANG_WARN_OBJC_IMPLICIT_RETAIN_SELF = YES;
				CLANG_WARN_OBJC_LITERAL_CONVERSION = YES;
				CLANG_WARN_OBJC_ROOT_CLASS = YES_ERROR;
				CLANG_WARN_QUOTED_INCLUDE_IN_FRAMEWORK_HEADER = YES;
				CLANG_WARN_RANGE_LOOP_ANALYSIS = YES;
				CLANG_WARN_STRICT_PROTOTYPES = YES;
				CLANG_WARN_SUSPICIOUS_MOVE = YES;
				CLANG_WARN_UNGUARDED_AVAILABILITY = YES_AGGRESSIVE;
				CLANG_WARN_UNREACHABLE_CODE = YES;
				CLANG_WARN__DUPLICATE_METHOD_MATCH = YES;
				COPY_PHASE_STRIP = NO;
				DEBUG_INFORMATION_FORMAT = dwarf;
				ENABLE_STRICT_OBJC_MSGSEND = YES;
				ENABLE_TESTABILITY = YES;
				GCC_C_LANGUAGE_STANDARD = gnu11;
				GCC_DYNAMIC_NO_PIC = NO;
				GCC_NO_COMMON_BLOCKS = YES;
				GCC_OPTIMIZATION_LEVEL = 0;
				GCC_PREPROCESSOR_DEFINITIONS = (
					"DEBUG=1",
					"$(inherited)",
				);
				GCC_WARN_64_TO_32_BIT_CONVERSION = YES;
				GCC_WARN_ABOUT_RETURN_TYPE = YES_ERROR;
				GCC_WARN_UNDECLARED_SELECTOR = YES;
				GCC_WARN_UNINITIALIZED_AUTOS = YES_AGGRESSIVE;
				GCC_WARN_UNUSED_FUNCTION = YES;
				GCC_WARN_UNUSED_VARIABLE = YES;
				MTL_ENABLE_DEBUG_INFO = INCLUDE_SOURCE;
				MTL_FAST_MATH = YES;
				ONLY_ACTIVE_ARCH = YES;
				SDKROOT = appletvos;
				SWIFT_ACTIVE_COMPILATION_CONDITIONS = DEBUG;
				SWIFT_OPTIMIZATION_LEVEL = "-Onone";
				TVOS_DEPLOYMENT_TARGET = 15.4;
			};
			name = Debug;
		};
		C4C7A79428A2A08D001CB803 /* Release */ = {
			isa = XCBuildConfiguration;
			buildSettings = {
				ALWAYS_SEARCH_USER_PATHS = NO;
				CLANG_ANALYZER_NONNULL = YES;
				CLANG_ANALYZER_NUMBER_OBJECT_CONVERSION = YES_AGGRESSIVE;
				CLANG_CXX_LANGUAGE_STANDARD = "gnu++17";
				CLANG_ENABLE_MODULES = YES;
				CLANG_ENABLE_OBJC_ARC = YES;
				CLANG_ENABLE_OBJC_WEAK = YES;
				CLANG_WARN_BLOCK_CAPTURE_AUTORELEASING = YES;
				CLANG_WARN_BOOL_CONVERSION = YES;
				CLANG_WARN_COMMA = YES;
				CLANG_WARN_CONSTANT_CONVERSION = YES;
				CLANG_WARN_DEPRECATED_OBJC_IMPLEMENTATIONS = YES;
				CLANG_WARN_DIRECT_OBJC_ISA_USAGE = YES_ERROR;
				CLANG_WARN_DOCUMENTATION_COMMENTS = YES;
				CLANG_WARN_EMPTY_BODY = YES;
				CLANG_WARN_ENUM_CONVERSION = YES;
				CLANG_WARN_INFINITE_RECURSION = YES;
				CLANG_WARN_INT_CONVERSION = YES;
				CLANG_WARN_NON_LITERAL_NULL_CONVERSION = YES;
				CLANG_WARN_OBJC_IMPLICIT_RETAIN_SELF = YES;
				CLANG_WARN_OBJC_LITERAL_CONVERSION = YES;
				CLANG_WARN_OBJC_ROOT_CLASS = YES_ERROR;
				CLANG_WARN_QUOTED_INCLUDE_IN_FRAMEWORK_HEADER = YES;
				CLANG_WARN_RANGE_LOOP_ANALYSIS = YES;
				CLANG_WARN_STRICT_PROTOTYPES = YES;
				CLANG_WARN_SUSPICIOUS_MOVE = YES;
				CLANG_WARN_UNGUARDED_AVAILABILITY = YES_AGGRESSIVE;
				CLANG_WARN_UNREACHABLE_CODE = YES;
				CLANG_WARN__DUPLICATE_METHOD_MATCH = YES;
				COPY_PHASE_STRIP = NO;
				DEBUG_INFORMATION_FORMAT = "dwarf-with-dsym";
				ENABLE_NS_ASSERTIONS = NO;
				ENABLE_STRICT_OBJC_MSGSEND = YES;
				GCC_C_LANGUAGE_STANDARD = gnu11;
				GCC_NO_COMMON_BLOCKS = YES;
				GCC_WARN_64_TO_32_BIT_CONVERSION = YES;
				GCC_WARN_ABOUT_RETURN_TYPE = YES_ERROR;
				GCC_WARN_UNDECLARED_SELECTOR = YES;
				GCC_WARN_UNINITIALIZED_AUTOS = YES_AGGRESSIVE;
				GCC_WARN_UNUSED_FUNCTION = YES;
				GCC_WARN_UNUSED_VARIABLE = YES;
				MTL_ENABLE_DEBUG_INFO = NO;
				MTL_FAST_MATH = YES;
				SDKROOT = appletvos;
				SWIFT_COMPILATION_MODE = wholemodule;
				SWIFT_OPTIMIZATION_LEVEL = "-O";
				TVOS_DEPLOYMENT_TARGET = 15.4;
				VALIDATE_PRODUCT = YES;
			};
			name = Release;
		};
		C4C7A79628A2A08D001CB803 /* Debug */ = {
			isa = XCBuildConfiguration;
			buildSettings = {
				ASSETCATALOG_COMPILER_APPICON_NAME = "App Icon & Top Shelf Image";
				ASSETCATALOG_COMPILER_GLOBAL_ACCENT_COLOR_NAME = AccentColor;
				CODE_SIGN_STYLE = Automatic;
				CURRENT_PROJECT_VERSION = 2;
				DEVELOPMENT_ASSET_PATHS = "\"VideoOnThemand/Preview Content\"";
				DEVELOPMENT_TEAM = G7DSPSWXXC;
				ENABLE_PREVIEWS = YES;
				GENERATE_INFOPLIST_FILE = YES;
				INFOPLIST_FILE = VideoOnThemand/Info.plist;
				INFOPLIST_KEY_LSApplicationCategoryType = "";
				INFOPLIST_KEY_NSDocumentsFolderUsageDescription = "";
				INFOPLIST_KEY_NSDownloadsFolderUsageDescription = "";
				INFOPLIST_KEY_UILaunchScreen_Generation = YES;
				INFOPLIST_KEY_UIUserInterfaceStyle = Automatic;
				LD_RUNPATH_SEARCH_PATHS = (
					"$(inherited)",
					"@executable_path/Frameworks",
				);
				MARKETING_VERSION = 2.5;
				PRODUCT_BUNDLE_IDENTIFIER = com.MicheleManniello.VideoOnThemandDebug;
				PRODUCT_NAME = "$(TARGET_NAME)";
				SWIFT_EMIT_LOC_STRINGS = YES;
				SWIFT_VERSION = 5.0;
				TARGETED_DEVICE_FAMILY = 3;
				TVOS_DEPLOYMENT_TARGET = 26.0;
			};
			name = Debug;
		};
		C4C7A79728A2A08D001CB803 /* Release */ = {
			isa = XCBuildConfiguration;
			buildSettings = {
				ASSETCATALOG_COMPILER_APPICON_NAME = "App Icon & Top Shelf Image";
				ASSETCATALOG_COMPILER_GLOBAL_ACCENT_COLOR_NAME = AccentColor;
				CODE_SIGN_STYLE = Automatic;
				CURRENT_PROJECT_VERSION = 2;
				DEVELOPMENT_ASSET_PATHS = "\"VideoOnThemand/Preview Content\"";
				DEVELOPMENT_TEAM = G7DSPSWXXC;
				ENABLE_PREVIEWS = YES;
				GENERATE_INFOPLIST_FILE = YES;
				INFOPLIST_FILE = VideoOnThemand/Info.plist;
				INFOPLIST_KEY_LSApplicationCategoryType = "";
				INFOPLIST_KEY_NSDocumentsFolderUsageDescription = "";
				INFOPLIST_KEY_NSDownloadsFolderUsageDescription = "";
				INFOPLIST_KEY_UILaunchScreen_Generation = YES;
				INFOPLIST_KEY_UIUserInterfaceStyle = Automatic;
				LD_RUNPATH_SEARCH_PATHS = (
					"$(inherited)",
					"@executable_path/Frameworks",
				);
				MARKETING_VERSION = 2.5;
				PRODUCT_BUNDLE_IDENTIFIER = com.MicheleManniello.VideoOnThemand;
				PRODUCT_NAME = "$(TARGET_NAME)";
				SWIFT_EMIT_LOC_STRINGS = YES;
				SWIFT_VERSION = 5.0;
				TARGETED_DEVICE_FAMILY = 3;
				TVOS_DEPLOYMENT_TARGET = 26.0;
			};
			name = Release;
		};
/* End XCBuildConfiguration section */

/* Begin XCConfigurationList section */
		C4BCC8C82F7E6CB700AB4144 /* Build configuration list for PBXNativeTarget "VideoOnThemandTests" */ = {
			isa = XCConfigurationList;
			buildConfigurations = (
				C4BCC8C92F7E6CB700AB4144 /* Debug */,
				C4BCC8CA2F7E6CB700AB4144 /* Release */,
			);
			defaultConfigurationIsVisible = 0;
			defaultConfigurationName = Release;
		};
		C4C7A78228A2A08B001CB803 /* Build configuration list for PBXProject "VideoOnThemand" */ = {
			isa = XCConfigurationList;
			buildConfigurations = (
				C4C7A79328A2A08D001CB803 /* Debug */,
				C4C7A79428A2A08D001CB803 /* Release */,
			);
			defaultConfigurationIsVisible = 0;
			defaultConfigurationName = Release;
		};
		C4C7A79528A2A08D001CB803 /* Build configuration list for PBXNativeTarget "VideoOnThemand" */ = {
			isa = XCConfigurationList;
			buildConfigurations = (
				C4C7A79628A2A08D001CB803 /* Debug */,
				C4C7A79728A2A08D001CB803 /* Release */,
			);
			defaultConfigurationIsVisible = 0;
			defaultConfigurationName = Release;
		};
/* End XCConfigurationList section */

/* Begin XCLocalSwiftPackageReference section */
		C45934432F7AAE07002661E6 /* XCLocalSwiftPackageReference "../ElechimCore" */ = {
			isa = XCLocalSwiftPackageReference;
			relativePath = ../ElechimCore;
		};
		C45934462F7AAED6002661E6 /* XCLocalSwiftPackageReference "../Services" */ = {
			isa = XCLocalSwiftPackageReference;
			relativePath = ../Services;
		};
		C4AB2EFE2EB79AC200DAE7BF /* XCLocalSwiftPackageReference "../CachedAsyncImage" */ = {
			isa = XCLocalSwiftPackageReference;
			relativePath = ../CachedAsyncImage;
		};
/* End XCLocalSwiftPackageReference section */

/* Begin XCRemoteSwiftPackageReference section */
		C459345F2F7BD097002661E6 /* XCRemoteSwiftPackageReference "firebase-ios-sdk" */ = {
			isa = XCRemoteSwiftPackageReference;
			repositoryURL = "https://github.com/firebase/firebase-ios-sdk.git";
			requirement = {
				kind = upToNextMajorVersion;
				minimumVersion = 10.0.0;
			};
		};
/* End XCRemoteSwiftPackageReference section */

/* Begin XCSwiftPackageProductDependency section */
		C45934442F7AAE07002661E6 /* ElechimCore */ = {
			isa = XCSwiftPackageProductDependency;
			productName = ElechimCore;
		};
		C45934472F7AAED6002661E6 /* Services */ = {
			isa = XCSwiftPackageProductDependency;
			productName = Services;
		};
		C45934602F7BD097002661E6 /* FirebaseAnalytics */ = {
			isa = XCSwiftPackageProductDependency;
			package = C459345F2F7BD097002661E6 /* XCRemoteSwiftPackageReference "firebase-ios-sdk" */;
			productName = FirebaseAnalytics;
		};
		C45934632F7BD0A7002661E6 /* FirebaseAuth */ = {
			isa = XCSwiftPackageProductDependency;
			package = C459345F2F7BD097002661E6 /* XCRemoteSwiftPackageReference "firebase-ios-sdk" */;
			productName = FirebaseAuth;
		};
		C4AB2EFF2EB79AC200DAE7BF /* CachedAsyncImage */ = {
			isa = XCSwiftPackageProductDependency;
			productName = CachedAsyncImage;
		};
/* End XCSwiftPackageProductDependency section */
	};
	rootObject = C4C7A77F28A2A08B001CB803 /* Project object */;
}
