// !$*UTF8*$!
{
	archiveVersion = 1;
	classes = {
	};
	objectVersion = 55;
	objects = {

/* Begin PBXBuildFile section */
		C4C7A78B28A2A08B001CB803 /* VideoOnThemandApp.swift in Sources */ = {isa = PBXBuildFile; fileRef = C4C7A78A28A2A08B001CB803 /* VideoOnThemandApp.swift */; };
		C4C7A78D28A2A08B001CB803 /* ContentView.swift in Sources */ = {isa = PBXBuildFile; fileRef = C4C7A78C28A2A08B001CB803 /* ContentView.swift */; };
		C4C7A78F28A2A08D001CB803 /* Assets.xcassets in Resources */ = {isa = PBXBuildFile; fileRef = C4C7A78E28A2A08D001CB803 /* Assets.xcassets */; };
		C4C7A79228A2A08D001CB803 /* Preview Assets.xcassets in Resources */ = {isa = PBXBuildFile; fileRef = C4C7A79128A2A08D001CB803 /* Preview Assets.xcassets */; };
		C4C7A79B28A2A1A9001CB803 /* LoginViewModel.swift in Sources */ = {isa = PBXBuildFile; fileRef = C4C7A79A28A2A1A9001CB803 /* LoginViewModel.swift */; };
		C4C7A79E28A2A254001CB803 /* Film.swift in Sources */ = {isa = PBXBuildFile; fileRef = C4C7A79D28A2A254001CB803 /* Film.swift */; };
		C4C7A7A028A2A411001CB803 /* Utenti.swift in Sources */ = {isa = PBXBuildFile; fileRef = C4C7A79F28A2A411001CB803 /* Utenti.swift */; };
		C4C7A7A228A2A4CF001CB803 /* HomeViewModel.swift in Sources */ = {isa = PBXBuildFile; fileRef = C4C7A7A128A2A4CF001CB803 /* HomeViewModel.swift */; };
		C4C7A7A428A2A573001CB803 /* LoginView.swift in Sources */ = {isa = PBXBuildFile; fileRef = C4C7A7A328A2A573001CB803 /* LoginView.swift */; };
		C4C7A7A628A2A92C001CB803 /* Extensions.swift in Sources */ = {isa = PBXBuildFile; fileRef = C4C7A7A528A2A92C001CB803 /* Extensions.swift */; };
		C4C7A7A928A2AC8C001CB803 /* Alamofire in Frameworks */ = {isa = PBXBuildFile; productRef = C4C7A7A828A2AC8C001CB803 /* Alamofire */; };
		C4C7A7AB28A2BBDB001CB803 /* GoogleService-Info.plist in Resources */ = {isa = PBXBuildFile; fileRef = C4C7A7AA28A2BBDB001CB803 /* GoogleService-Info.plist */; };
		C4C7A7AE28A2BD5E001CB803 /* FirebaseAnalytics in Frameworks */ = {isa = PBXBuildFile; productRef = C4C7A7AD28A2BD5E001CB803 /* FirebaseAnalytics */; };
		C4C7A7B028A2BD5E001CB803 /* FirebaseAnalyticsSwift in Frameworks */ = {isa = PBXBuildFile; productRef = C4C7A7AF28A2BD5E001CB803 /* FirebaseAnalyticsSwift */; };
		C4C7A7B228A2BD5E001CB803 /* FirebaseAuth in Frameworks */ = {isa = PBXBuildFile; productRef = C4C7A7B128A2BD5E001CB803 /* FirebaseAuth */; };
		C4C7A7B428A2BD5E001CB803 /* FirebaseFirestore in Frameworks */ = {isa = PBXBuildFile; productRef = C4C7A7B328A2BD5E001CB803 /* FirebaseFirestore */; };
		C4C7A7B628A2BD5E001CB803 /* FirebaseFirestoreSwift in Frameworks */ = {isa = PBXBuildFile; productRef = C4C7A7B528A2BD5E001CB803 /* FirebaseFirestoreSwift */; };
		C4C7A7B828A2BD5E001CB803 /* FirebaseStorage in Frameworks */ = {isa = PBXBuildFile; productRef = C4C7A7B728A2BD5E001CB803 /* FirebaseStorage */; };
		C4C7A7BA28A2BD5E001CB803 /* FirebaseStorageCombine-Community in Frameworks */ = {isa = PBXBuildFile; productRef = C4C7A7B928A2BD5E001CB803 /* FirebaseStorageCombine-Community */; };
		C4C7A7BC28A2C298001CB803 /* HomeView.swift in Sources */ = {isa = PBXBuildFile; fileRef = C4C7A7BB28A2C298001CB803 /* HomeView.swift */; };
/* End PBXBuildFile section */

/* Begin PBXFileReference section */
		C4C7A78728A2A08B001CB803 /* VideoOnThemand.app */ = {isa = PBXFileReference; explicitFileType = wrapper.application; includeInIndex = 0; path = VideoOnThemand.app; sourceTree = BUILT_PRODUCTS_DIR; };
		C4C7A78A28A2A08B001CB803 /* VideoOnThemandApp.swift */ = {isa = PBXFileReference; lastKnownFileType = sourcecode.swift; path = VideoOnThemandApp.swift; sourceTree = "<group>"; };
		C4C7A78C28A2A08B001CB803 /* ContentView.swift */ = {isa = PBXFileReference; lastKnownFileType = sourcecode.swift; path = ContentView.swift; sourceTree = "<group>"; };
		C4C7A78E28A2A08D001CB803 /* Assets.xcassets */ = {isa = PBXFileReference; lastKnownFileType = folder.assetcatalog; path = Assets.xcassets; sourceTree = "<group>"; };
		C4C7A79128A2A08D001CB803 /* Preview Assets.xcassets */ = {isa = PBXFileReference; lastKnownFileType = folder.assetcatalog; path = "Preview Assets.xcassets"; sourceTree = "<group>"; };
		C4C7A79A28A2A1A9001CB803 /* LoginViewModel.swift */ = {isa = PBXFileReference; lastKnownFileType = sourcecode.swift; path = LoginViewModel.swift; sourceTree = "<group>"; };
		C4C7A79D28A2A254001CB803 /* Film.swift */ = {isa = PBXFileReference; lastKnownFileType = sourcecode.swift; path = Film.swift; sourceTree = "<group>"; };
		C4C7A79F28A2A411001CB803 /* Utenti.swift */ = {isa = PBXFileReference; lastKnownFileType = sourcecode.swift; path = Utenti.swift; sourceTree = "<group>"; };
		C4C7A7A128A2A4CF001CB803 /* HomeViewModel.swift */ = {isa = PBXFileReference; lastKnownFileType = sourcecode.swift; path = HomeViewModel.swift; sourceTree = "<group>"; };
		C4C7A7A328A2A573001CB803 /* LoginView.swift */ = {isa = PBXFileReference; lastKnownFileType = sourcecode.swift; path = LoginView.swift; sourceTree = "<group>"; };
		C4C7A7A528A2A92C001CB803 /* Extensions.swift */ = {isa = PBXFileReference; lastKnownFileType = sourcecode.swift; path = Extensions.swift; sourceTree = "<group>"; };
		C4C7A7AA28A2BBDB001CB803 /* GoogleService-Info.plist */ = {isa = PBXFileReference; fileEncoding = 4; lastKnownFileType = text.plist.xml; path = "GoogleService-Info.plist"; sourceTree = "<group>"; };
		C4C7A7BB28A2C298001CB803 /* HomeView.swift */ = {isa = PBXFileReference; lastKnownFileType = sourcecode.swift; path = HomeView.swift; sourceTree = "<group>"; };
/* End PBXFileReference section */

/* Begin PBXFrameworksBuildPhase section */
		C4C7A78428A2A08B001CB803 /* Frameworks */ = {
			isa = PBXFrameworksBuildPhase;
			buildActionMask = 2147483647;
			files = (
				C4C7A7B028A2BD5E001CB803 /* FirebaseAnalyticsSwift in Frameworks */,
				C4C7A7AE28A2BD5E001CB803 /* FirebaseAnalytics in Frameworks */,
				C4C7A7BA28A2BD5E001CB803 /* FirebaseStorageCombine-Community in Frameworks */,
				C4C7A7A928A2AC8C001CB803 /* Alamofire in Frameworks */,
				C4C7A7B428A2BD5E001CB803 /* FirebaseFirestore in Frameworks */,
				C4C7A7B828A2BD5E001CB803 /* FirebaseStorage in Frameworks */,
				C4C7A7B228A2BD5E001CB803 /* FirebaseAuth in Frameworks */,
				C4C7A7B628A2BD5E001CB803 /* FirebaseFirestoreSwift in Frameworks */,
			);
			runOnlyForDeploymentPostprocessing = 0;
		};
/* End PBXFrameworksBuildPhase section */

/* Begin PBXGroup section */
		C4C7A77E28A2A08B001CB803 = {
			isa = PBXGroup;
			children = (
				C4C7A78928A2A08B001CB803 /* VideoOnThemand */,
				C4C7A78828A2A08B001CB803 /* Products */,
			);
			sourceTree = "<group>";
		};
		C4C7A78828A2A08B001CB803 /* Products */ = {
			isa = PBXGroup;
			children = (
				C4C7A78728A2A08B001CB803 /* VideoOnThemand.app */,
			);
			name = Products;
			sourceTree = "<group>";
		};
		C4C7A78928A2A08B001CB803 /* VideoOnThemand */ = {
			isa = PBXGroup;
			children = (
				C4C7A79C28A2A223001CB803 /* Model */,
				C4C7A79928A2A146001CB803 /* ViewModel */,
				C4C7A79828A2A13C001CB803 /* View */,
				C4C7A78A28A2A08B001CB803 /* VideoOnThemandApp.swift */,
				C4C7A78C28A2A08B001CB803 /* ContentView.swift */,
				C4C7A7AA28A2BBDB001CB803 /* GoogleService-Info.plist */,
				C4C7A78E28A2A08D001CB803 /* Assets.xcassets */,
				C4C7A79028A2A08D001CB803 /* Preview Content */,
			);
			path = VideoOnThemand;
			sourceTree = "<group>";
		};
		C4C7A79028A2A08D001CB803 /* Preview Content */ = {
			isa = PBXGroup;
			children = (
				C4C7A79128A2A08D001CB803 /* Preview Assets.xcassets */,
			);
			path = "Preview Content";
			sourceTree = "<group>";
		};
		C4C7A79828A2A13C001CB803 /* View */ = {
			isa = PBXGroup;
			children = (
				C4C7A7A328A2A573001CB803 /* LoginView.swift */,
				C4C7A7BB28A2C298001CB803 /* HomeView.swift */,
			);
			path = View;
			sourceTree = "<group>";
		};
		C4C7A79928A2A146001CB803 /* ViewModel */ = {
			isa = PBXGroup;
			children = (
				C4C7A79A28A2A1A9001CB803 /* LoginViewModel.swift */,
				C4C7A7A128A2A4CF001CB803 /* HomeViewModel.swift */,
			);
			path = ViewModel;
			sourceTree = "<group>";
		};
		C4C7A79C28A2A223001CB803 /* Model */ = {
			isa = PBXGroup;
			children = (
				C4C7A79D28A2A254001CB803 /* Film.swift */,
				C4C7A79F28A2A411001CB803 /* Utenti.swift */,
				C4C7A7A528A2A92C001CB803 /* Extensions.swift */,
			);
			path = Model;
			sourceTree = "<group>";
		};
/* End PBXGroup section */

/* Begin PBXNativeTarget section */
		C4C7A78628A2A08B001CB803 /* VideoOnThemand */ = {
			isa = PBXNativeTarget;
			buildConfigurationList = C4C7A79528A2A08D001CB803 /* Build configuration list for PBXNativeTarget "VideoOnThemand" */;
			buildPhases = (
				C4C7A78328A2A08B001CB803 /* Sources */,
				C4C7A78428A2A08B001CB803 /* Frameworks */,
				C4C7A78528A2A08B001CB803 /* Resources */,
			);
			buildRules = (
			);
			dependencies = (
			);
			name = VideoOnThemand;
			packageProductDependencies = (
				C4C7A7A828A2AC8C001CB803 /* Alamofire */,
				C4C7A7AD28A2BD5E001CB803 /* FirebaseAnalytics */,
				C4C7A7AF28A2BD5E001CB803 /* FirebaseAnalyticsSwift */,
				C4C7A7B128A2BD5E001CB803 /* FirebaseAuth */,
				C4C7A7B328A2BD5E001CB803 /* FirebaseFirestore */,
				C4C7A7B528A2BD5E001CB803 /* FirebaseFirestoreSwift */,
				C4C7A7B728A2BD5E001CB803 /* FirebaseStorage */,
				C4C7A7B928A2BD5E001CB803 /* FirebaseStorageCombine-Community */,
			);
			productName = VideoOnThemand;
			productReference = C4C7A78728A2A08B001CB803 /* VideoOnThemand.app */;
			productType = "com.apple.product-type.application";
		};
/* End PBXNativeTarget section */

/* Begin PBXProject section */
		C4C7A77F28A2A08B001CB803 /* Project object */ = {
			isa = PBXProject;
			attributes = {
				BuildIndependentTargetsInParallel = 1;
				LastSwiftUpdateCheck = 1340;
				LastUpgradeCheck = 1340;
				TargetAttributes = {
					C4C7A78628A2A08B001CB803 = {
						CreatedOnToolsVersion = 13.4.1;
					};
				};
			};
			buildConfigurationList = C4C7A78228A2A08B001CB803 /* Build configuration list for PBXProject "VideoOnThemand" */;
			compatibilityVersion = "Xcode 13.0";
			developmentRegion = en;
			hasScannedForEncodings = 0;
			knownRegions = (
				en,
				Base,
			);
			mainGroup = C4C7A77E28A2A08B001CB803;
			packageReferences = (
				C4C7A7A728A2AC8C001CB803 /* XCRemoteSwiftPackageReference "Alamofire" */,
				C4C7A7AC28A2BD5E001CB803 /* XCRemoteSwiftPackageReference "firebase-ios-sdk" */,
			);
			productRefGroup = C4C7A78828A2A08B001CB803 /* Products */;
			projectDirPath = "";
			projectRoot = "";
			targets = (
				C4C7A78628A2A08B001CB803 /* VideoOnThemand */,
			);
		};
/* End PBXProject section */

/* Begin PBXResourcesBuildPhase section */
		C4C7A78528A2A08B001CB803 /* Resources */ = {
			isa = PBXResourcesBuildPhase;
			buildActionMask = 2147483647;
			files = (
				C4C7A7AB28A2BBDB001CB803 /* GoogleService-Info.plist in Resources */,
				C4C7A79228A2A08D001CB803 /* Preview Assets.xcassets in Resources */,
				C4C7A78F28A2A08D001CB803 /* Assets.xcassets in Resources */,
			);
			runOnlyForDeploymentPostprocessing = 0;
		};
/* End PBXResourcesBuildPhase section */

/* Begin PBXSourcesBuildPhase section */
		C4C7A78328A2A08B001CB803 /* Sources */ = {
			isa = PBXSourcesBuildPhase;
			buildActionMask = 2147483647;
			files = (
				C4C7A7BC28A2C298001CB803 /* HomeView.swift in Sources */,
				C4C7A78D28A2A08B001CB803 /* ContentView.swift in Sources */,
				C4C7A7A428A2A573001CB803 /* LoginView.swift in Sources */,
				C4C7A7A228A2A4CF001CB803 /* HomeViewModel.swift in Sources */,
				C4C7A7A628A2A92C001CB803 /* Extensions.swift in Sources */,
				C4C7A79E28A2A254001CB803 /* Film.swift in Sources */,
				C4C7A78B28A2A08B001CB803 /* VideoOnThemandApp.swift in Sources */,
				C4C7A79B28A2A1A9001CB803 /* LoginViewModel.swift in Sources */,
				C4C7A7A028A2A411001CB803 /* Utenti.swift in Sources */,
			);
			runOnlyForDeploymentPostprocessing = 0;
		};
/* End PBXSourcesBuildPhase section */

/* Begin XCBuildConfiguration section */
		C4C7A79328A2A08D001CB803 /* Debug */ = {
			isa = XCBuildConfiguration;
			buildSettings = {
				ALWAYS_SEARCH_USER_PATHS = NO;
				CLANG_ANALYZER_NONNULL = YES;
				CLANG_ANALYZER_NUMBER_OBJECT_CONVERSION = YES_AGGRESSIVE;
				CLANG_CXX_LANGUAGE_STANDARD = "gnu++17";
				CLANG_ENABLE_MODULES = YES;
				CLANG_ENABLE_OBJC_ARC = YES;
				CLANG_ENABLE_OBJC_WEAK = YES;
				CLANG_WARN_BLOCK_CAPTURE_AUTORELEASING = YES;
				CLANG_WARN_BOOL_CONVERSION = YES;
				CLANG_WARN_COMMA = YES;
				CLANG_WARN_CONSTANT_CONVERSION = YES;
				CLANG_WARN_DEPRECATED_OBJC_IMPLEMENTATIONS = YES;
				CLANG_WARN_DIRECT_OBJC_ISA_USAGE = YES_ERROR;
				CLANG_WARN_DOCUMENTATION_COMMENTS = YES;
				CLANG_WARN_EMPTY_BODY = YES;
				CLANG_WARN_ENUM_CONVERSION = YES;
				CLANG_WARN_INFINITE_RECURSION = YES;
				CLANG_WARN_INT_CONVERSION = YES;
				CLANG_WARN_NON_LITERAL_NULL_CONVERSION = YES;
				CLANG_WARN_OBJC_IMPLICIT_RETAIN_SELF = YES;
				CLANG_WARN_OBJC_LITERAL_CONVERSION = YES;
				CLANG_WARN_OBJC_ROOT_CLASS = YES_ERROR;
				CLANG_WARN_QUOTED_INCLUDE_IN_FRAMEWORK_HEADER = YES;
				CLANG_WARN_RANGE_LOOP_ANALYSIS = YES;
				CLANG_WARN_STRICT_PROTOTYPES = YES;
				CLANG_WARN_SUSPICIOUS_MOVE = YES;
				CLANG_WARN_UNGUARDED_AVAILABILITY = YES_AGGRESSIVE;
				CLANG_WARN_UNREACHABLE_CODE = YES;
				CLANG_WARN__DUPLICATE_METHOD_MATCH = YES;
				COPY_PHASE_STRIP = NO;
				DEBUG_INFORMATION_FORMAT = dwarf;
				ENABLE_STRICT_OBJC_MSGSEND = YES;
				ENABLE_TESTABILITY = YES;
				GCC_C_LANGUAGE_STANDARD = gnu11;
				GCC_DYNAMIC_NO_PIC = NO;
				GCC_NO_COMMON_BLOCKS = YES;
				GCC_OPTIMIZATION_LEVEL = 0;
				GCC_PREPROCESSOR_DEFINITIONS = (
					"DEBUG=1",
					"$(inherited)",
				);
				GCC_WARN_64_TO_32_BIT_CONVERSION = YES;
				GCC_WARN_ABOUT_RETURN_TYPE = YES_ERROR;
				GCC_WARN_UNDECLARED_SELECTOR = YES;
				GCC_WARN_UNINITIALIZED_AUTOS = YES_AGGRESSIVE;
				GCC_WARN_UNUSED_FUNCTION = YES;
				GCC_WARN_UNUSED_VARIABLE = YES;
				MTL_ENABLE_DEBUG_INFO = INCLUDE_SOURCE;
				MTL_FAST_MATH = YES;
				ONLY_ACTIVE_ARCH = YES;
				SDKROOT = appletvos;
				SWIFT_ACTIVE_COMPILATION_CONDITIONS = DEBUG;
				SWIFT_OPTIMIZATION_LEVEL = "-Onone";
				TVOS_DEPLOYMENT_TARGET = 15.4;
			};
			name = Debug;
		};
		C4C7A79428A2A08D001CB803 /* Release */ = {
			isa = XCBuildConfiguration;
			buildSettings = {
				ALWAYS_SEARCH_USER_PATHS = NO;
				CLANG_ANALYZER_NONNULL = YES;
				CLANG_ANALYZER_NUMBER_OBJECT_CONVERSION = YES_AGGRESSIVE;
				CLANG_CXX_LANGUAGE_STANDARD = "gnu++17";
				CLANG_ENABLE_MODULES = YES;
				CLANG_ENABLE_OBJC_ARC = YES;
				CLANG_ENABLE_OBJC_WEAK = YES;
				CLANG_WARN_BLOCK_CAPTURE_AUTORELEASING = YES;
				CLANG_WARN_BOOL_CONVERSION = YES;
				CLANG_WARN_COMMA = YES;
				CLANG_WARN_CONSTANT_CONVERSION = YES;
				CLANG_WARN_DEPRECATED_OBJC_IMPLEMENTATIONS = YES;
				CLANG_WARN_DIRECT_OBJC_ISA_USAGE = YES_ERROR;
				CLANG_WARN_DOCUMENTATION_COMMENTS = YES;
				CLANG_WARN_EMPTY_BODY = YES;
				CLANG_WARN_ENUM_CONVERSION = YES;
				CLANG_WARN_INFINITE_RECURSION = YES;
				CLANG_WARN_INT_CONVERSION = YES;
				CLANG_WARN_NON_LITERAL_NULL_CONVERSION = YES;
				CLANG_WARN_OBJC_IMPLICIT_RETAIN_SELF = YES;
				CLANG_WARN_OBJC_LITERAL_CONVERSION = YES;
				CLANG_WARN_OBJC_ROOT_CLASS = YES_ERROR;
				CLANG_WARN_QUOTED_INCLUDE_IN_FRAMEWORK_HEADER = YES;
				CLANG_WARN_RANGE_LOOP_ANALYSIS = YES;
				CLANG_WARN_STRICT_PROTOTYPES = YES;
				CLANG_WARN_SUSPICIOUS_MOVE = YES;
				CLANG_WARN_UNGUARDED_AVAILABILITY = YES_AGGRESSIVE;
				CLANG_WARN_UNREACHABLE_CODE = YES;
				CLANG_WARN__DUPLICATE_METHOD_MATCH = YES;
				COPY_PHASE_STRIP = NO;
				DEBUG_INFORMATION_FORMAT = "dwarf-with-dsym";
				ENABLE_NS_ASSERTIONS = NO;
				ENABLE_STRICT_OBJC_MSGSEND = YES;
				GCC_C_LANGUAGE_STANDARD = gnu11;
				GCC_NO_COMMON_BLOCKS = YES;
				GCC_WARN_64_TO_32_BIT_CONVERSION = YES;
				GCC_WARN_ABOUT_RETURN_TYPE = YES_ERROR;
				GCC_WARN_UNDECLARED_SELECTOR = YES;
				GCC_WARN_UNINITIALIZED_AUTOS = YES_AGGRESSIVE;
				GCC_WARN_UNUSED_FUNCTION = YES;
				GCC_WARN_UNUSED_VARIABLE = YES;
				MTL_ENABLE_DEBUG_INFO = NO;
				MTL_FAST_MATH = YES;
				SDKROOT = appletvos;
				SWIFT_COMPILATION_MODE = wholemodule;
				SWIFT_OPTIMIZATION_LEVEL = "-O";
				TVOS_DEPLOYMENT_TARGET = 15.4;
				VALIDATE_PRODUCT = YES;
			};
			name = Release;
		};
		C4C7A79628A2A08D001CB803 /* Debug */ = {
			isa = XCBuildConfiguration;
			buildSettings = {
				ASSETCATALOG_COMPILER_APPICON_NAME = "App Icon & Top Shelf Image";
				ASSETCATALOG_COMPILER_GLOBAL_ACCENT_COLOR_NAME = AccentColor;
				CODE_SIGN_STYLE = Automatic;
				CURRENT_PROJECT_VERSION = 1;
				DEVELOPMENT_ASSET_PATHS = "\"VideoOnThemand/Preview Content\"";
				DEVELOPMENT_TEAM = G7DSPSWXXC;
				ENABLE_PREVIEWS = YES;
				GENERATE_INFOPLIST_FILE = YES;
				INFOPLIST_KEY_UILaunchScreen_Generation = YES;
				INFOPLIST_KEY_UIUserInterfaceStyle = Automatic;
				LD_RUNPATH_SEARCH_PATHS = (
					"$(inherited)",
					"@executable_path/Frameworks",
				);
				MARKETING_VERSION = 1.0;
				PRODUCT_BUNDLE_IDENTIFIER = com.MicheleManniello.VideoOnThemand;
				PRODUCT_NAME = "$(TARGET_NAME)";
				SWIFT_EMIT_LOC_STRINGS = YES;
				SWIFT_VERSION = 5.0;
				TARGETED_DEVICE_FAMILY = 3;
			};
			name = Debug;
		};
		C4C7A79728A2A08D001CB803 /* Release */ = {
			isa = XCBuildConfiguration;
			buildSettings = {
				ASSETCATALOG_COMPILER_APPICON_NAME = "App Icon & Top Shelf Image";
				ASSETCATALOG_COMPILER_GLOBAL_ACCENT_COLOR_NAME = AccentColor;
				CODE_SIGN_STYLE = Automatic;
				CURRENT_PROJECT_VERSION = 1;
				DEVELOPMENT_ASSET_PATHS = "\"VideoOnThemand/Preview Content\"";
				DEVELOPMENT_TEAM = G7DSPSWXXC;
				ENABLE_PREVIEWS = YES;
				GENERATE_INFOPLIST_FILE = YES;
				INFOPLIST_KEY_UILaunchScreen_Generation = YES;
				INFOPLIST_KEY_UIUserInterfaceStyle = Automatic;
				LD_RUNPATH_SEARCH_PATHS = (
					"$(inherited)",
					"@executable_path/Frameworks",
				);
				MARKETING_VERSION = 1.0;
				PRODUCT_BUNDLE_IDENTIFIER = com.MicheleManniello.VideoOnThemand;
				PRODUCT_NAME = "$(TARGET_NAME)";
				SWIFT_EMIT_LOC_STRINGS = YES;
				SWIFT_VERSION = 5.0;
				TARGETED_DEVICE_FAMILY = 3;
			};
			name = Release;
		};
/* End XCBuildConfiguration section */

/* Begin XCConfigurationList section */
		C4C7A78228A2A08B001CB803 /* Build configuration list for PBXProject "VideoOnThemand" */ = {
			isa = XCConfigurationList;
			buildConfigurations = (
				C4C7A79328A2A08D001CB803 /* Debug */,
				C4C7A79428A2A08D001CB803 /* Release */,
			);
			defaultConfigurationIsVisible = 0;
			defaultConfigurationName = Release;
		};
		C4C7A79528A2A08D001CB803 /* Build configuration list for PBXNativeTarget "VideoOnThemand" */ = {
			isa = XCConfigurationList;
			buildConfigurations = (
				C4C7A79628A2A08D001CB803 /* Debug */,
				C4C7A79728A2A08D001CB803 /* Release */,
			);
			defaultConfigurationIsVisible = 0;
			defaultConfigurationName = Release;
		};
/* End XCConfigurationList section */

/* Begin XCRemoteSwiftPackageReference section */
		C4C7A7A728A2AC8C001CB803 /* XCRemoteSwiftPackageReference "Alamofire" */ = {
			isa = XCRemoteSwiftPackageReference;
			repositoryURL = "https://github.com/Alamofire/Alamofire";
			requirement = {
				kind = upToNextMajorVersion;
				minimumVersion = 5.0.0;
			};
		};
		C4C7A7AC28A2BD5E001CB803 /* XCRemoteSwiftPackageReference "firebase-ios-sdk" */ = {
			isa = XCRemoteSwiftPackageReference;
			repositoryURL = "https://github.com/firebase/firebase-ios-sdk.git";
			requirement = {
				branch = master;
				kind = branch;
			};
		};
/* End XCRemoteSwiftPackageReference section */

/* Begin XCSwiftPackageProductDependency section */
		C4C7A7A828A2AC8C001CB803 /* Alamofire */ = {
			isa = XCSwiftPackageProductDependency;
			package = C4C7A7A728A2AC8C001CB803 /* XCRemoteSwiftPackageReference "Alamofire" */;
			productName = Alamofire;
		};
		C4C7A7AD28A2BD5E001CB803 /* FirebaseAnalytics */ = {
			isa = XCSwiftPackageProductDependency;
			package = C4C7A7AC28A2BD5E001CB803 /* XCRemoteSwiftPackageReference "firebase-ios-sdk" */;
			productName = FirebaseAnalytics;
		};
		C4C7A7AF28A2BD5E001CB803 /* FirebaseAnalyticsSwift */ = {
			isa = XCSwiftPackageProductDependency;
			package = C4C7A7AC28A2BD5E001CB803 /* XCRemoteSwiftPackageReference "firebase-ios-sdk" */;
			productName = FirebaseAnalyticsSwift;
		};
		C4C7A7B128A2BD5E001CB803 /* FirebaseAuth */ = {
			isa = XCSwiftPackageProductDependency;
			package = C4C7A7AC28A2BD5E001CB803 /* XCRemoteSwiftPackageReference "firebase-ios-sdk" */;
			productName = FirebaseAuth;
		};
		C4C7A7B328A2BD5E001CB803 /* FirebaseFirestore */ = {
			isa = XCSwiftPackageProductDependency;
			package = C4C7A7AC28A2BD5E001CB803 /* XCRemoteSwiftPackageReference "firebase-ios-sdk" */;
			productName = FirebaseFirestore;
		};
		C4C7A7B528A2BD5E001CB803 /* FirebaseFirestoreSwift */ = {
			isa = XCSwiftPackageProductDependency;
			package = C4C7A7AC28A2BD5E001CB803 /* XCRemoteSwiftPackageReference "firebase-ios-sdk" */;
			productName = FirebaseFirestoreSwift;
		};
		C4C7A7B728A2BD5E001CB803 /* FirebaseStorage */ = {
			isa = XCSwiftPackageProductDependency;
			package = C4C7A7AC28A2BD5E001CB803 /* XCRemoteSwiftPackageReference "firebase-ios-sdk" */;
			productName = FirebaseStorage;
		};
		C4C7A7B928A2BD5E001CB803 /* FirebaseStorageCombine-Community */ = {
			isa = XCSwiftPackageProductDependency;
			package = C4C7A7AC28A2BD5E001CB803 /* XCRemoteSwiftPackageReference "firebase-ios-sdk" */;
			productName = "FirebaseStorageCombine-Community";
		};
/* End XCSwiftPackageProductDependency section */
	};
	rootObject = C4C7A77F28A2A08B001CB803 /* Project object */;
}
