// !$*UTF8*$!
{
	archiveVersion = 1;
	classes = {
	};
	objectVersion = 70;
	objects = {

/* Begin PBXBuildFile section */
		C40C14302EA5757E0056EA34 /* BubbleText.swift in Sources */ = {isa = PBXBuildFile; fileRef = C40C142F2EA5757E0056EA34 /* BubbleText.swift */; };
		C40C14332EA578130056EA34 /* FocusModifier.swift in Sources */ = {isa = PBXBuildFile; fileRef = C40C14322EA578130056EA34 /* FocusModifier.swift */; };
		C40C14352EA57B8B0056EA34 /* PixelateView.swift in Sources */ = {isa = PBXBuildFile; fileRef = C40C14342EA57B8A0056EA34 /* PixelateView.swift */; };
		C40C42DF2EB7B9CC008C77C3 /* GoogleService-Info.plist in Resources */ = {isa = PBXBuildFile; fileRef = C40C42DE2EB7B9CC008C77C3 /* GoogleService-Info.plist */; };
		C449FC452ECA3209009E61FC /* Colors.swift in Sources */ = {isa = PBXBuildFile; fileRef = C449FC442ECA3209009E61FC /* Colors.swift */; };
		C4640A5F29BD541C008684A1 /* Enums.swift in Sources */ = {isa = PBXBuildFile; fileRef = C4640A5E29BD541B008684A1 /* Enums.swift */; };
		C465E10D2EB660FA00E7D0D5 /* ButtonView.swift in Sources */ = {isa = PBXBuildFile; fileRef = C465E10C2EB660FA00E7D0D5 /* ButtonView.swift */; };
		C465E1102EB672BC00E7D0D5 /* FilmDetailView.swift in Sources */ = {isa = PBXBuildFile; fileRef = C465E10F2EB672BC00E7D0D5 /* FilmDetailView.swift */; };
		C465E1132EB673DA00E7D0D5 /* ChronologyCardView.swift in Sources */ = {isa = PBXBuildFile; fileRef = C465E1122EB673DA00E7D0D5 /* ChronologyCardView.swift */; };
		C465E1152EB67A1600E7D0D5 /* DoubleText.swift in Sources */ = {isa = PBXBuildFile; fileRef = C465E1142EB67A1600E7D0D5 /* DoubleText.swift */; };
		C47E10822A41DFCD004E1567 /* Shaders.metal in Sources */ = {isa = PBXBuildFile; fileRef = C47E10812A41DFCD004E1567 /* Shaders.metal */; };
		C4AB2F002EB79AC200DAE7BF /* CachedAsyncImage in Frameworks */ = {isa = PBXBuildFile; productRef = C4AB2EFF2EB79AC200DAE7BF /* CachedAsyncImage */; };
		C4C044522E4FA9B700E947F4 /* Localizable.strings in Resources */ = {isa = PBXBuildFile; fileRef = C4C044502E4FA9B700E947F4 /* Localizable.strings */; };
		C4C044572E5090AB00E947F4 /* StringExt.swift in Sources */ = {isa = PBXBuildFile; fileRef = C4C044562E5090AB00E947F4 /* StringExt.swift */; };
		C4C044592E509E1F00E947F4 /* ViewExt.swift in Sources */ = {isa = PBXBuildFile; fileRef = C4C044582E509E1F00E947F4 /* ViewExt.swift */; };
		C4C7A78B28A2A08B001CB803 /* VideoOnThemandApp.swift in Sources */ = {isa = PBXBuildFile; fileRef = C4C7A78A28A2A08B001CB803 /* VideoOnThemandApp.swift */; };
		C4C7A78D28A2A08B001CB803 /* ContentView.swift in Sources */ = {isa = PBXBuildFile; fileRef = C4C7A78C28A2A08B001CB803 /* ContentView.swift */; };
		C4C7A78F28A2A08D001CB803 /* Assets.xcassets in Resources */ = {isa = PBXBuildFile; fileRef = C4C7A78E28A2A08D001CB803 /* Assets.xcassets */; };
		C4C7A79228A2A08D001CB803 /* Preview Assets.xcassets in Resources */ = {isa = PBXBuildFile; fileRef = C4C7A79128A2A08D001CB803 /* Preview Assets.xcassets */; };
		C4C7A79B28A2A1A9001CB803 /* LoginViewModel.swift in Sources */ = {isa = PBXBuildFile; fileRef = C4C7A79A28A2A1A9001CB803 /* LoginViewModel.swift */; };
		C4C7A79E28A2A254001CB803 /* Film.swift in Sources */ = {isa = PBXBuildFile; fileRef = C4C7A79D28A2A254001CB803 /* Film.swift */; };
		C4C7A7A028A2A411001CB803 /* Utente.swift in Sources */ = {isa = PBXBuildFile; fileRef = C4C7A79F28A2A411001CB803 /* Utente.swift */; };
		C4C7A7A228A2A4CF001CB803 /* HomeViewModel.swift in Sources */ = {isa = PBXBuildFile; fileRef = C4C7A7A128A2A4CF001CB803 /* HomeViewModel.swift */; };
		C4C7A7A428A2A573001CB803 /* LoginView.swift in Sources */ = {isa = PBXBuildFile; fileRef = C4C7A7A328A2A573001CB803 /* LoginView.swift */; };
		C4C7A7A628A2A92C001CB803 /* Extensions.swift in Sources */ = {isa = PBXBuildFile; fileRef = C4C7A7A528A2A92C001CB803 /* Extensions.swift */; };
		C4C7A7A928A2AC8C001CB803 /* Alamofire in Frameworks */ = {isa = PBXBuildFile; productRef = C4C7A7A828A2AC8C001CB803 /* Alamofire */; };
		C4C7A7AE28A2BD5E001CB803 /* FirebaseAnalytics in Frameworks */ = {isa = PBXBuildFile; productRef = C4C7A7AD28A2BD5E001CB803 /* FirebaseAnalytics */; };
		C4C7A7B228A2BD5E001CB803 /* FirebaseAuth in Frameworks */ = {isa = PBXBuildFile; productRef = C4C7A7B128A2BD5E001CB803 /* FirebaseAuth */; };
		C4C7A7B428A2BD5E001CB803 /* FirebaseFirestore in Frameworks */ = {isa = PBXBuildFile; productRef = C4C7A7B328A2BD5E001CB803 /* FirebaseFirestore */; };
		C4C7A7B828A2BD5E001CB803 /* FirebaseStorage in Frameworks */ = {isa = PBXBuildFile; productRef = C4C7A7B728A2BD5E001CB803 /* FirebaseStorage */; };
		C4C7A7BA28A2BD5E001CB803 /* FirebaseStorageCombine-Community in Frameworks */ = {isa = PBXBuildFile; productRef = C4C7A7B928A2BD5E001CB803 /* FirebaseStorageCombine-Community */; };
		C4C7A7BC28A2C298001CB803 /* HomeView.swift in Sources */ = {isa = PBXBuildFile; fileRef = C4C7A7BB28A2C298001CB803 /* HomeView.swift */; };
		C4C7A7BE28A40278001CB803 /* SettingsView.swift in Sources */ = {isa = PBXBuildFile; fileRef = C4C7A7BD28A40278001CB803 /* SettingsView.swift */; };
		C4C7A7C028A50694001CB803 /* FilmThumbnailView.swift in Sources */ = {isa = PBXBuildFile; fileRef = C4C7A7BF28A50694001CB803 /* FilmThumbnailView.swift */; };
		C4C7A7C228A507D5001CB803 /* VideoPlayerView.swift in Sources */ = {isa = PBXBuildFile; fileRef = C4C7A7C128A507D5001CB803 /* VideoPlayerView.swift */; };
		C4C7A7C428A50C6B001CB803 /* test.mp4 in Resources */ = {isa = PBXBuildFile; fileRef = C4C7A7C328A50868001CB803 /* test.mp4 */; };
		C4CC5D092E5DB14C00C4B007 /* ChronologyViewModel.swift in Sources */ = {isa = PBXBuildFile; fileRef = C4CC5D082E5DB14C00C4B007 /* ChronologyViewModel.swift */; };
		C4CC5D0E2E5DB42C00C4B007 /* FirebaseManager.swift in Sources */ = {isa = PBXBuildFile; fileRef = C4CC5D0D2E5DB42C00C4B007 /* FirebaseManager.swift */; };
		C4CC5D142E5DC66800C4B007 /* PageManager.swift in Sources */ = {isa = PBXBuildFile; fileRef = C4CC5D132E5DC66800C4B007 /* PageManager.swift */; };
		C4D1504B2A18D91800186D06 /* HomeProtocol.swift in Sources */ = {isa = PBXBuildFile; fileRef = C4D1504A2A18D91800186D06 /* HomeProtocol.swift */; };
		C4E532612E5CC25800AEADBB /* Chronology.swift in Sources */ = {isa = PBXBuildFile; fileRef = C4E532602E5CC25800AEADBB /* Chronology.swift */; };
		C4E532652E5CCE1000AEADBB /* ChronologyView.swift in Sources */ = {isa = PBXBuildFile; fileRef = C4E532632E5CCE1000AEADBB /* ChronologyView.swift */; };
/* End PBXBuildFile section */

/* Begin PBXFileReference section */
		C40C142F2EA5757E0056EA34 /* BubbleText.swift */ = {isa = PBXFileReference; lastKnownFileType = sourcecode.swift; path = BubbleText.swift; sourceTree = "<group>"; };
		C40C14322EA578130056EA34 /* FocusModifier.swift */ = {isa = PBXFileReference; lastKnownFileType = sourcecode.swift; path = FocusModifier.swift; sourceTree = "<group>"; };
		C40C14342EA57B8A0056EA34 /* PixelateView.swift */ = {isa = PBXFileReference; lastKnownFileType = sourcecode.swift; path = PixelateView.swift; sourceTree = "<group>"; };
		C40C42DE2EB7B9CC008C77C3 /* GoogleService-Info.plist */ = {isa = PBXFileReference; lastKnownFileType = text.plist.xml; path = "GoogleService-Info.plist"; sourceTree = "<group>"; };
		C449FC442ECA3209009E61FC /* Colors.swift */ = {isa = PBXFileReference; lastKnownFileType = sourcecode.swift; path = Colors.swift; sourceTree = "<group>"; };
		C4524EDD2A6E798900B22C1C /* Info.plist */ = {isa = PBXFileReference; lastKnownFileType = text.plist; path = Info.plist; sourceTree = "<group>"; };
		C4640A5E29BD541B008684A1 /* Enums.swift */ = {isa = PBXFileReference; lastKnownFileType = sourcecode.swift; path = Enums.swift; sourceTree = "<group>"; };
		C465E10C2EB660FA00E7D0D5 /* ButtonView.swift */ = {isa = PBXFileReference; lastKnownFileType = sourcecode.swift; path = ButtonView.swift; sourceTree = "<group>"; };
		C465E10F2EB672BC00E7D0D5 /* FilmDetailView.swift */ = {isa = PBXFileReference; lastKnownFileType = sourcecode.swift; path = FilmDetailView.swift; sourceTree = "<group>"; };
		C465E1122EB673DA00E7D0D5 /* ChronologyCardView.swift */ = {isa = PBXFileReference; lastKnownFileType = sourcecode.swift; path = ChronologyCardView.swift; sourceTree = "<group>"; };
		C465E1142EB67A1600E7D0D5 /* DoubleText.swift */ = {isa = PBXFileReference; lastKnownFileType = sourcecode.swift; path = DoubleText.swift; sourceTree = "<group>"; };
		C47E10812A41DFCD004E1567 /* Shaders.metal */ = {isa = PBXFileReference; lastKnownFileType = sourcecode.metal; path = Shaders.metal; sourceTree = "<group>"; };
		C4A1291B2E523F8700F32414 /* VideoOnThemand copy-Info.plist */ = {isa = PBXFileReference; lastKnownFileType = text.plist.xml; name = "VideoOnThemand copy-Info.plist"; path = "/Users/michelemanniello/Documents/Sviluppo/Swift/VideoOnThemand/VideoOnThemand copy-Info.plist"; sourceTree = "<absolute>"; };
		C4C044512E4FA9B700E947F4 /* en */ = {isa = PBXFileReference; lastKnownFileType = text.plist.strings; name = en; path = en.lproj/Localizable.strings; sourceTree = "<group>"; };
		C4C044532E4FA9C200E947F4 /* it */ = {isa = PBXFileReference; lastKnownFileType = text.plist.strings; name = it; path = it.lproj/Localizable.strings; sourceTree = "<group>"; };
		C4C044562E5090AB00E947F4 /* StringExt.swift */ = {isa = PBXFileReference; lastKnownFileType = sourcecode.swift; path = StringExt.swift; sourceTree = "<group>"; };
		C4C044582E509E1F00E947F4 /* ViewExt.swift */ = {isa = PBXFileReference; lastKnownFileType = sourcecode.swift; path = ViewExt.swift; sourceTree = "<group>"; };
		C4C7A78728A2A08B001CB803 /* VideoOnThemand.app */ = {isa = PBXFileReference; explicitFileType = wrapper.application; includeInIndex = 0; path = VideoOnThemand.app; sourceTree = BUILT_PRODUCTS_DIR; };
		C4C7A78A28A2A08B001CB803 /* VideoOnThemandApp.swift */ = {isa = PBXFileReference; lastKnownFileType = sourcecode.swift; path = VideoOnThemandApp.swift; sourceTree = "<group>"; };
		C4C7A78C28A2A08B001CB803 /* ContentView.swift */ = {isa = PBXFileReference; lastKnownFileType = sourcecode.swift; path = ContentView.swift; sourceTree = "<group>"; };
		C4C7A78E28A2A08D001CB803 /* Assets.xcassets */ = {isa = PBXFileReference; lastKnownFileType = folder.assetcatalog; path = Assets.xcassets; sourceTree = "<group>"; };
		C4C7A79128A2A08D001CB803 /* Preview Assets.xcassets */ = {isa = PBXFileReference; lastKnownFileType = folder.assetcatalog; path = "Preview Assets.xcassets"; sourceTree = "<group>"; };
		C4C7A79A28A2A1A9001CB803 /* LoginViewModel.swift */ = {isa = PBXFileReference; lastKnownFileType = sourcecode.swift; path = LoginViewModel.swift; sourceTree = "<group>"; };
		C4C7A79D28A2A254001CB803 /* Film.swift */ = {isa = PBXFileReference; lastKnownFileType = sourcecode.swift; path = Film.swift; sourceTree = "<group>"; };
		C4C7A79F28A2A411001CB803 /* Utente.swift */ = {isa = PBXFileReference; lastKnownFileType = sourcecode.swift; path = Utente.swift; sourceTree = "<group>"; };
		C4C7A7A128A2A4CF001CB803 /* HomeViewModel.swift */ = {isa = PBXFileReference; lastKnownFileType = sourcecode.swift; path = HomeViewModel.swift; sourceTree = "<group>"; };
		C4C7A7A328A2A573001CB803 /* LoginView.swift */ = {isa = PBXFileReference; lastKnownFileType = sourcecode.swift; path = LoginView.swift; sourceTree = "<group>"; };
		C4C7A7A528A2A92C001CB803 /* Extensions.swift */ = {isa = PBXFileReference; lastKnownFileType = sourcecode.swift; path = Extensions.swift; sourceTree = "<group>"; };
		C4C7A7BB28A2C298001CB803 /* HomeView.swift */ = {isa = PBXFileReference; lastKnownFileType = sourcecode.swift; path = HomeView.swift; sourceTree = "<group>"; };
		C4C7A7BD28A40278001CB803 /* SettingsView.swift */ = {isa = PBXFileReference; lastKnownFileType = sourcecode.swift; path = SettingsView.swift; sourceTree = "<group>"; };
		C4C7A7BF28A50694001CB803 /* FilmThumbnailView.swift */ = {isa = PBXFileReference; lastKnownFileType = sourcecode.swift; path = FilmThumbnailView.swift; sourceTree = "<group>"; };
		C4C7A7C128A507D5001CB803 /* VideoPlayerView.swift */ = {isa = PBXFileReference; lastKnownFileType = sourcecode.swift; path = VideoPlayerView.swift; sourceTree = "<group>"; };
		C4C7A7C328A50868001CB803 /* test.mp4 */ = {isa = PBXFileReference; lastKnownFileType = file; path = test.mp4; sourceTree = "<group>"; };
		C4CC5D082E5DB14C00C4B007 /* ChronologyViewModel.swift */ = {isa = PBXFileReference; lastKnownFileType = sourcecode.swift; path = ChronologyViewModel.swift; sourceTree = "<group>"; };
		C4CC5D0D2E5DB42C00C4B007 /* FirebaseManager.swift */ = {isa = PBXFileReference; lastKnownFileType = sourcecode.swift; path = FirebaseManager.swift; sourceTree = "<group>"; };
		C4CC5D132E5DC66800C4B007 /* PageManager.swift */ = {isa = PBXFileReference; lastKnownFileType = sourcecode.swift; path = PageManager.swift; sourceTree = "<group>"; };
		C4D1504A2A18D91800186D06 /* HomeProtocol.swift */ = {isa = PBXFileReference; lastKnownFileType = sourcecode.swift; path = HomeProtocol.swift; sourceTree = "<group>"; };
		C4E532602E5CC25800AEADBB /* Chronology.swift */ = {isa = PBXFileReference; lastKnownFileType = sourcecode.swift; path = Chronology.swift; sourceTree = "<group>"; };
		C4E532632E5CCE1000AEADBB /* ChronologyView.swift */ = {isa = PBXFileReference; lastKnownFileType = sourcecode.swift; path = ChronologyView.swift; sourceTree = "<group>"; };
		C4F2537F2E7E08C800E58300 /* Appunti.txt */ = {isa = PBXFileReference; lastKnownFileType = text; path = Appunti.txt; sourceTree = "<group>"; };
/* End PBXFileReference section */

/* Begin PBXFileSystemSynchronizedRootGroup section */
		C40C42DD2EB7B9AD008C77C3 /* VideoOnTheMandGoole */ = {isa = PBXFileSystemSynchronizedRootGroup; explicitFileTypes = {}; explicitFolders = (); path = VideoOnTheMandGoole; sourceTree = "<group>"; };
/* End PBXFileSystemSynchronizedRootGroup section */

/* Begin PBXFrameworksBuildPhase section */
		C4C7A78428A2A08B001CB803 /* Frameworks */ = {
			isa = PBXFrameworksBuildPhase;
			buildActionMask = 2147483647;
			files = (
				C4C7A7AE28A2BD5E001CB803 /* FirebaseAnalytics in Frameworks */,
				C4C7A7BA28A2BD5E001CB803 /* FirebaseStorageCombine-Community in Frameworks */,
				C4C7A7A928A2AC8C001CB803 /* Alamofire in Frameworks */,
				C4C7A7B428A2BD5E001CB803 /* FirebaseFirestore in Frameworks */,
				C4AB2F002EB79AC200DAE7BF /* CachedAsyncImage in Frameworks */,
				C4C7A7B828A2BD5E001CB803 /* FirebaseStorage in Frameworks */,
				C4C7A7B228A2BD5E001CB803 /* FirebaseAuth in Frameworks */,
			);
			runOnlyForDeploymentPostprocessing = 0;
		};
/* End PBXFrameworksBuildPhase section */

/* Begin PBXGroup section */
		C40C14312EA578010056EA34 /* CustomModifier */ = {
			isa = PBXGroup;
			children = (
				C40C14322EA578130056EA34 /* FocusModifier.swift */,
			);
			path = CustomModifier;
			sourceTree = "<group>";
		};
		C4201C2C2EA3FEE700766FB5 /* CustomComponents */ = {
			isa = PBXGroup;
			children = (
				C465E1112EB673AE00E7D0D5 /* ChronologyViews */,
				C465E10E2EB6690300E7D0D5 /* FilmViews */,
				C40C14312EA578010056EA34 /* CustomModifier */,
				C4201C322EA420B000766FB5 /* CustomTextField */,
				C4201C312EA4203000766FB5 /* CustomButton */,
				C4201C302EA4202200766FB5 /* CustomText */,
				C449FC442ECA3209009E61FC /* Colors.swift */,
			);
			path = CustomComponents;
			sourceTree = "<group>";
		};
		C4201C302EA4202200766FB5 /* CustomText */ = {
			isa = PBXGroup;
			children = (
				C40C142F2EA5757E0056EA34 /* BubbleText.swift */,
				C40C14342EA57B8A0056EA34 /* PixelateView.swift */,
				C465E1142EB67A1600E7D0D5 /* DoubleText.swift */,
			);
			path = CustomText;
			sourceTree = "<group>";
		};
		C4201C312EA4203000766FB5 /* CustomButton */ = {
			isa = PBXGroup;
			children = (
				C465E10C2EB660FA00E7D0D5 /* ButtonView.swift */,
			);
			path = CustomButton;
			sourceTree = "<group>";
		};
		C4201C322EA420B000766FB5 /* CustomTextField */ = {
			isa = PBXGroup;
			children = (
			);
			path = CustomTextField;
			sourceTree = "<group>";
		};
		C465E10E2EB6690300E7D0D5 /* FilmViews */ = {
			isa = PBXGroup;
			children = (
				C4C7A7BF28A50694001CB803 /* FilmThumbnailView.swift */,
				C465E10F2EB672BC00E7D0D5 /* FilmDetailView.swift */,
			);
			path = FilmViews;
			sourceTree = "<group>";
		};
		C465E1112EB673AE00E7D0D5 /* ChronologyViews */ = {
			isa = PBXGroup;
			children = (
				C465E1122EB673DA00E7D0D5 /* ChronologyCardView.swift */,
			);
			path = ChronologyViews;
			sourceTree = "<group>";
		};
		C4C044542E4FA9E800E947F4 /* Strings */ = {
			isa = PBXGroup;
			children = (
				C4C044502E4FA9B700E947F4 /* Localizable.strings */,
			);
			path = Strings;
			sourceTree = "<group>";
		};
		C4C044552E50909D00E947F4 /* Extension */ = {
			isa = PBXGroup;
			children = (
				C4C7A7A528A2A92C001CB803 /* Extensions.swift */,
				C4C044562E5090AB00E947F4 /* StringExt.swift */,
				C4C044582E509E1F00E947F4 /* ViewExt.swift */,
				C4CC5D0C2E5DB37D00C4B007 /* Firebase */,
			);
			path = Extension;
			sourceTree = "<group>";
		};
		C4C7A77E28A2A08B001CB803 = {
			isa = PBXGroup;
			children = (
				C4F2537F2E7E08C800E58300 /* Appunti.txt */,
				C4C7A78928A2A08B001CB803 /* VideoOnThemand */,
				C4A1291B2E523F8700F32414 /* VideoOnThemand copy-Info.plist */,
				C4C7A78828A2A08B001CB803 /* Products */,
			);
			sourceTree = "<group>";
		};
		C4C7A78828A2A08B001CB803 /* Products */ = {
			isa = PBXGroup;
			children = (
				C4C7A78728A2A08B001CB803 /* VideoOnThemand.app */,
			);
			name = Products;
			sourceTree = "<group>";
		};
		C4C7A78928A2A08B001CB803 /* VideoOnThemand */ = {
			isa = PBXGroup;
			children = (
				C40C42DD2EB7B9AD008C77C3 /* VideoOnTheMandGoole */,
				C4201C2C2EA3FEE700766FB5 /* CustomComponents */,
				C4CC5D072E5DB0D300C4B007 /* Protocol */,
				C4C044552E50909D00E947F4 /* Extension */,
				C4C044542E4FA9E800E947F4 /* Strings */,
				C4524EDD2A6E798900B22C1C /* Info.plist */,
				C4C7A79C28A2A223001CB803 /* Model */,
				C4C7A79928A2A146001CB803 /* ViewModel */,
				C4C7A79828A2A13C001CB803 /* View */,
				C4C7A78A28A2A08B001CB803 /* VideoOnThemandApp.swift */,
				C4C7A7C328A50868001CB803 /* test.mp4 */,
				C4C7A78E28A2A08D001CB803 /* Assets.xcassets */,
				C4C7A79028A2A08D001CB803 /* Preview Content */,
				C40C42DE2EB7B9CC008C77C3 /* GoogleService-Info.plist */,
			);
			path = VideoOnThemand;
			sourceTree = "<group>";
		};
		C4C7A79028A2A08D001CB803 /* Preview Content */ = {
			isa = PBXGroup;
			children = (
				C4C7A79128A2A08D001CB803 /* Preview Assets.xcassets */,
			);
			path = "Preview Content";
			sourceTree = "<group>";
		};
		C4C7A79828A2A13C001CB803 /* View */ = {
			isa = PBXGroup;
			children = (
				C4CC5D172E5DC96500C4B007 /* ManagerView */,
				C4CC5D162E5DC95800C4B007 /* Login */,
				C4CC5D122E5DC65200C4B007 /* Chronology */,
				C4CC5D112E5DC64600C4B007 /* Settings */,
				C4CC5D102E5DC63D00C4B007 /* Home */,
			);
			path = View;
			sourceTree = "<group>";
		};
		C4C7A79928A2A146001CB803 /* ViewModel */ = {
			isa = PBXGroup;
			children = (
				C4C7A79A28A2A1A9001CB803 /* LoginViewModel.swift */,
				C4C7A7A128A2A4CF001CB803 /* HomeViewModel.swift */,
				C4CC5D082E5DB14C00C4B007 /* ChronologyViewModel.swift */,
			);
			path = ViewModel;
			sourceTree = "<group>";
		};
		C4C7A79C28A2A223001CB803 /* Model */ = {
			isa = PBXGroup;
			children = (
				C4C7A79D28A2A254001CB803 /* Film.swift */,
				C4C7A79F28A2A411001CB803 /* Utente.swift */,
				C4640A5E29BD541B008684A1 /* Enums.swift */,
				C4E532602E5CC25800AEADBB /* Chronology.swift */,
			);
			path = Model;
			sourceTree = "<group>";
		};
		C4CC5D072E5DB0D300C4B007 /* Protocol */ = {
			isa = PBXGroup;
			children = (
				C4D1504A2A18D91800186D06 /* HomeProtocol.swift */,
			);
			path = Protocol;
			sourceTree = "<group>";
		};
		C4CC5D0C2E5DB37D00C4B007 /* Firebase */ = {
			isa = PBXGroup;
			children = (
				C4CC5D0D2E5DB42C00C4B007 /* FirebaseManager.swift */,
			);
			path = Firebase;
			sourceTree = "<group>";
		};
		C4CC5D102E5DC63D00C4B007 /* Home */ = {
			isa = PBXGroup;
			children = (
				C4C7A7BB28A2C298001CB803 /* HomeView.swift */,
				C4C7A7C128A507D5001CB803 /* VideoPlayerView.swift */,
			);
			path = Home;
			sourceTree = "<group>";
		};
		C4CC5D112E5DC64600C4B007 /* Settings */ = {
			isa = PBXGroup;
			children = (
				C47E10812A41DFCD004E1567 /* Shaders.metal */,
				C4C7A7BD28A40278001CB803 /* SettingsView.swift */,
			);
			path = Settings;
			sourceTree = "<group>";
		};
		C4CC5D122E5DC65200C4B007 /* Chronology */ = {
			isa = PBXGroup;
			children = (
				C4E532632E5CCE1000AEADBB /* ChronologyView.swift */,
			);
			path = Chronology;
			sourceTree = "<group>";
		};
		C4CC5D162E5DC95800C4B007 /* Login */ = {
			isa = PBXGroup;
			children = (
				C4C7A7A328A2A573001CB803 /* LoginView.swift */,
			);
			path = Login;
			sourceTree = "<group>";
		};
		C4CC5D172E5DC96500C4B007 /* ManagerView */ = {
			isa = PBXGroup;
			children = (
				C4CC5D132E5DC66800C4B007 /* PageManager.swift */,
				C4C7A78C28A2A08B001CB803 /* ContentView.swift */,
			);
			path = ManagerView;
			sourceTree = "<group>";
		};
/* End PBXGroup section */

/* Begin PBXNativeTarget section */
		C4C7A78628A2A08B001CB803 /* VideoOnThemand */ = {
			isa = PBXNativeTarget;
			buildConfigurationList = C4C7A79528A2A08D001CB803 /* Build configuration list for PBXNativeTarget "VideoOnThemand" */;
			buildPhases = (
				C4C7A78328A2A08B001CB803 /* Sources */,
				C4C7A78428A2A08B001CB803 /* Frameworks */,
				C4C7A78528A2A08B001CB803 /* Resources */,
			);
			buildRules = (
			);
			dependencies = (
			);
			fileSystemSynchronizedGroups = (
				C40C42DD2EB7B9AD008C77C3 /* VideoOnTheMandGoole */,
			);
			name = VideoOnThemand;
			packageProductDependencies = (
				C4C7A7A828A2AC8C001CB803 /* Alamofire */,
				C4C7A7AD28A2BD5E001CB803 /* FirebaseAnalytics */,
				C4C7A7B128A2BD5E001CB803 /* FirebaseAuth */,
				C4C7A7B328A2BD5E001CB803 /* FirebaseFirestore */,
				C4C7A7B728A2BD5E001CB803 /* FirebaseStorage */,
				C4C7A7B928A2BD5E001CB803 /* FirebaseStorageCombine-Community */,
				C4AB2EFF2EB79AC200DAE7BF /* CachedAsyncImage */,
			);
			productName = VideoOnThemand;
			productReference = C4C7A78728A2A08B001CB803 /* VideoOnThemand.app */;
			productType = "com.apple.product-type.application";
		};
/* End PBXNativeTarget section */

/* Begin PBXProject section */
		C4C7A77F28A2A08B001CB803 /* Project object */ = {
			isa = PBXProject;
			attributes = {
				BuildIndependentTargetsInParallel = 1;
				LastSwiftUpdateCheck = 1340;
				LastUpgradeCheck = 1340;
				TargetAttributes = {
					C4C7A78628A2A08B001CB803 = {
						CreatedOnToolsVersion = 13.4.1;
					};
				};
			};
			buildConfigurationList = C4C7A78228A2A08B001CB803 /* Build configuration list for PBXProject "VideoOnThemand" */;
			compatibilityVersion = "Xcode 13.0";
			developmentRegion = en;
			hasScannedForEncodings = 0;
			knownRegions = (
				en,
				Base,
				it,
			);
			mainGroup = C4C7A77E28A2A08B001CB803;
			packageReferences = (
				C4C7A7A728A2AC8C001CB803 /* XCRemoteSwiftPackageReference "Alamofire" */,
				C4C7A7AC28A2BD5E001CB803 /* XCRemoteSwiftPackageReference "firebase-ios-sdk" */,
				C4AB2EFE2EB79AC200DAE7BF /* XCLocalSwiftPackageReference "../CachedAsyncImage" */,
			);
			productRefGroup = C4C7A78828A2A08B001CB803 /* Products */;
			projectDirPath = "";
			projectRoot = "";
			targets = (
				C4C7A78628A2A08B001CB803 /* VideoOnThemand */,
			);
		};
/* End PBXProject section */

/* Begin PBXResourcesBuildPhase section */
		C4C7A78528A2A08B001CB803 /* Resources */ = {
			isa = PBXResourcesBuildPhase;
			buildActionMask = 2147483647;
			files = (
				C4C044522E4FA9B700E947F4 /* Localizable.strings in Resources */,
				C40C42DF2EB7B9CC008C77C3 /* GoogleService-Info.plist in Resources */,
				C4C7A79228A2A08D001CB803 /* Preview Assets.xcassets in Resources */,
				C4C7A78F28A2A08D001CB803 /* Assets.xcassets in Resources */,
				C4C7A7C428A50C6B001CB803 /* test.mp4 in Resources */,
			);
			runOnlyForDeploymentPostprocessing = 0;
		};
/* End PBXResourcesBuildPhase section */

/* Begin PBXSourcesBuildPhase section */
		C4C7A78328A2A08B001CB803 /* Sources */ = {
			isa = PBXSourcesBuildPhase;
			buildActionMask = 2147483647;
			files = (
				C4D1504B2A18D91800186D06 /* HomeProtocol.swift in Sources */,
				C449FC452ECA3209009E61FC /* Colors.swift in Sources */,
				C4C7A7BC28A2C298001CB803 /* HomeView.swift in Sources */,
				C4C044592E509E1F00E947F4 /* ViewExt.swift in Sources */,
				C4E532612E5CC25800AEADBB /* Chronology.swift in Sources */,
				C4E532652E5CCE1000AEADBB /* ChronologyView.swift in Sources */,
				C40C14332EA578130056EA34 /* FocusModifier.swift in Sources */,
				C4C044572E5090AB00E947F4 /* StringExt.swift in Sources */,
				C4C7A78D28A2A08B001CB803 /* ContentView.swift in Sources */,
				C4C7A7A428A2A573001CB803 /* LoginView.swift in Sources */,
				C4CC5D092E5DB14C00C4B007 /* ChronologyViewModel.swift in Sources */,
				C40C14352EA57B8B0056EA34 /* PixelateView.swift in Sources */,
				C4CC5D0E2E5DB42C00C4B007 /* FirebaseManager.swift in Sources */,
				C4C7A7A228A2A4CF001CB803 /* HomeViewModel.swift in Sources */,
				C4C7A7A628A2A92C001CB803 /* Extensions.swift in Sources */,
				C4C7A7BE28A40278001CB803 /* SettingsView.swift in Sources */,
				C40C14302EA5757E0056EA34 /* BubbleText.swift in Sources */,
				C465E1132EB673DA00E7D0D5 /* ChronologyCardView.swift in Sources */,
				C4C7A79E28A2A254001CB803 /* Film.swift in Sources */,
				C4640A5F29BD541C008684A1 /* Enums.swift in Sources */,
				C47E10822A41DFCD004E1567 /* Shaders.metal in Sources */,
				C4CC5D142E5DC66800C4B007 /* PageManager.swift in Sources */,
				C465E1152EB67A1600E7D0D5 /* DoubleText.swift in Sources */,
				C4C7A78B28A2A08B001CB803 /* VideoOnThemandApp.swift in Sources */,
				C4C7A79B28A2A1A9001CB803 /* LoginViewModel.swift in Sources */,
				C465E10D2EB660FA00E7D0D5 /* ButtonView.swift in Sources */,
				C4C7A7C028A50694001CB803 /* FilmThumbnailView.swift in Sources */,
				C4C7A7A028A2A411001CB803 /* Utente.swift in Sources */,
				C465E1102EB672BC00E7D0D5 /* FilmDetailView.swift in Sources */,
				C4C7A7C228A507D5001CB803 /* VideoPlayerView.swift in Sources */,
			);
			runOnlyForDeploymentPostprocessing = 0;
		};
/* End PBXSourcesBuildPhase section */

/* Begin PBXVariantGroup section */
		C4C044502E4FA9B700E947F4 /* Localizable.strings */ = {
			isa = PBXVariantGroup;
			children = (
				C4C044512E4FA9B700E947F4 /* en */,
				C4C044532E4FA9C200E947F4 /* it */,
			);
			name = Localizable.strings;
			sourceTree = "<group>";
		};
/* End PBXVariantGroup section */

/* Begin XCBuildConfiguration section */
		C4C7A79328A2A08D001CB803 /* Debug */ = {
			isa = XCBuildConfiguration;
			buildSettings = {
				ALWAYS_SEARCH_USER_PATHS = NO;
				CLANG_ANALYZER_NONNULL = YES;
				CLANG_ANALYZER_NUMBER_OBJECT_CONVERSION = YES_AGGRESSIVE;
				CLANG_CXX_LANGUAGE_STANDARD = "gnu++17";
				CLANG_ENABLE_MODULES = YES;
				CLANG_ENABLE_OBJC_ARC = YES;
				CLANG_ENABLE_OBJC_WEAK = YES;
				CLANG_WARN_BLOCK_CAPTURE_AUTORELEASING = YES;
				CLANG_WARN_BOOL_CONVERSION = YES;
				CLANG_WARN_COMMA = YES;
				CLANG_WARN_CONSTANT_CONVERSION = YES;
				CLANG_WARN_DEPRECATED_OBJC_IMPLEMENTATIONS = YES;
				CLANG_WARN_DIRECT_OBJC_ISA_USAGE = YES_ERROR;
				CLANG_WARN_DOCUMENTATION_COMMENTS = YES;
				CLANG_WARN_EMPTY_BODY = YES;
				CLANG_WARN_ENUM_CONVERSION = YES;
				CLANG_WARN_INFINITE_RECURSION = YES;
				CLANG_WARN_INT_CONVERSION = YES;
				CLANG_WARN_NON_LITERAL_NULL_CONVERSION = YES;
				CLANG_WARN_OBJC_IMPLICIT_RETAIN_SELF = YES;
				CLANG_WARN_OBJC_LITERAL_CONVERSION = YES;
				CLANG_WARN_OBJC_ROOT_CLASS = YES_ERROR;
				CLANG_WARN_QUOTED_INCLUDE_IN_FRAMEWORK_HEADER = YES;
				CLANG_WARN_RANGE_LOOP_ANALYSIS = YES;
				CLANG_WARN_STRICT_PROTOTYPES = YES;
				CLANG_WARN_SUSPICIOUS_MOVE = YES;
				CLANG_WARN_UNGUARDED_AVAILABILITY = YES_AGGRESSIVE;
				CLANG_WARN_UNREACHABLE_CODE = YES;
				CLANG_WARN__DUPLICATE_METHOD_MATCH = YES;
				COPY_PHASE_STRIP = NO;
				DEBUG_INFORMATION_FORMAT = dwarf;
				ENABLE_STRICT_OBJC_MSGSEND = YES;
				ENABLE_TESTABILITY = YES;
				GCC_C_LANGUAGE_STANDARD = gnu11;
				GCC_DYNAMIC_NO_PIC = NO;
				GCC_NO_COMMON_BLOCKS = YES;
				GCC_OPTIMIZATION_LEVEL = 0;
				GCC_PREPROCESSOR_DEFINITIONS = (
					"DEBUG=1",
					"$(inherited)",
				);
				GCC_WARN_64_TO_32_BIT_CONVERSION = YES;
				GCC_WARN_ABOUT_RETURN_TYPE = YES_ERROR;
				GCC_WARN_UNDECLARED_SELECTOR = YES;
				GCC_WARN_UNINITIALIZED_AUTOS = YES_AGGRESSIVE;
				GCC_WARN_UNUSED_FUNCTION = YES;
				GCC_WARN_UNUSED_VARIABLE = YES;
				MTL_ENABLE_DEBUG_INFO = INCLUDE_SOURCE;
				MTL_FAST_MATH = YES;
				ONLY_ACTIVE_ARCH = YES;
				SDKROOT = appletvos;
				SWIFT_ACTIVE_COMPILATION_CONDITIONS = DEBUG;
				SWIFT_OPTIMIZATION_LEVEL = "-Onone";
				TVOS_DEPLOYMENT_TARGET = 15.4;
			};
			name = Debug;
		};
		C4C7A79428A2A08D001CB803 /* Release */ = {
			isa = XCBuildConfiguration;
			buildSettings = {
				ALWAYS_SEARCH_USER_PATHS = NO;
				CLANG_ANALYZER_NONNULL = YES;
				CLANG_ANALYZER_NUMBER_OBJECT_CONVERSION = YES_AGGRESSIVE;
				CLANG_CXX_LANGUAGE_STANDARD = "gnu++17";
				CLANG_ENABLE_MODULES = YES;
				CLANG_ENABLE_OBJC_ARC = YES;
				CLANG_ENABLE_OBJC_WEAK = YES;
				CLANG_WARN_BLOCK_CAPTURE_AUTORELEASING = YES;
				CLANG_WARN_BOOL_CONVERSION = YES;
				CLANG_WARN_COMMA = YES;
				CLANG_WARN_CONSTANT_CONVERSION = YES;
				CLANG_WARN_DEPRECATED_OBJC_IMPLEMENTATIONS = YES;
				CLANG_WARN_DIRECT_OBJC_ISA_USAGE = YES_ERROR;
				CLANG_WARN_DOCUMENTATION_COMMENTS = YES;
				CLANG_WARN_EMPTY_BODY = YES;
				CLANG_WARN_ENUM_CONVERSION = YES;
				CLANG_WARN_INFINITE_RECURSION = YES;
				CLANG_WARN_INT_CONVERSION = YES;
				CLANG_WARN_NON_LITERAL_NULL_CONVERSION = YES;
				CLANG_WARN_OBJC_IMPLICIT_RETAIN_SELF = YES;
				CLANG_WARN_OBJC_LITERAL_CONVERSION = YES;
				CLANG_WARN_OBJC_ROOT_CLASS = YES_ERROR;
				CLANG_WARN_QUOTED_INCLUDE_IN_FRAMEWORK_HEADER = YES;
				CLANG_WARN_RANGE_LOOP_ANALYSIS = YES;
				CLANG_WARN_STRICT_PROTOTYPES = YES;
				CLANG_WARN_SUSPICIOUS_MOVE = YES;
				CLANG_WARN_UNGUARDED_AVAILABILITY = YES_AGGRESSIVE;
				CLANG_WARN_UNREACHABLE_CODE = YES;
				CLANG_WARN__DUPLICATE_METHOD_MATCH = YES;
				COPY_PHASE_STRIP = NO;
				DEBUG_INFORMATION_FORMAT = "dwarf-with-dsym";
				ENABLE_NS_ASSERTIONS = NO;
				ENABLE_STRICT_OBJC_MSGSEND = YES;
				GCC_C_LANGUAGE_STANDARD = gnu11;
				GCC_NO_COMMON_BLOCKS = YES;
				GCC_WARN_64_TO_32_BIT_CONVERSION = YES;
				GCC_WARN_ABOUT_RETURN_TYPE = YES_ERROR;
				GCC_WARN_UNDECLARED_SELECTOR = YES;
				GCC_WARN_UNINITIALIZED_AUTOS = YES_AGGRESSIVE;
				GCC_WARN_UNUSED_FUNCTION = YES;
				GCC_WARN_UNUSED_VARIABLE = YES;
				MTL_ENABLE_DEBUG_INFO = NO;
				MTL_FAST_MATH = YES;
				SDKROOT = appletvos;
				SWIFT_COMPILATION_MODE = wholemodule;
				SWIFT_OPTIMIZATION_LEVEL = "-O";
				TVOS_DEPLOYMENT_TARGET = 15.4;
				VALIDATE_PRODUCT = YES;
			};
			name = Release;
		};
		C4C7A79628A2A08D001CB803 /* Debug */ = {
			isa = XCBuildConfiguration;
			buildSettings = {
				ASSETCATALOG_COMPILER_APPICON_NAME = "App Icon & Top Shelf Image";
				ASSETCATALOG_COMPILER_GLOBAL_ACCENT_COLOR_NAME = AccentColor;
				CODE_SIGN_STYLE = Automatic;
				CURRENT_PROJECT_VERSION = 1;
				DEVELOPMENT_ASSET_PATHS = "\"VideoOnThemand/Preview Content\"";
				DEVELOPMENT_TEAM = G7DSPSWXXC;
				ENABLE_PREVIEWS = YES;
				GENERATE_INFOPLIST_FILE = YES;
				INFOPLIST_FILE = VideoOnThemand/Info.plist;
				INFOPLIST_KEY_LSApplicationCategoryType = "";
				INFOPLIST_KEY_NSDocumentsFolderUsageDescription = "";
				INFOPLIST_KEY_NSDownloadsFolderUsageDescription = "";
				INFOPLIST_KEY_UILaunchScreen_Generation = YES;
				INFOPLIST_KEY_UIUserInterfaceStyle = Automatic;
				LD_RUNPATH_SEARCH_PATHS = (
					"$(inherited)",
					"@executable_path/Frameworks",
				);
				MARKETING_VERSION = 2.5;
				PRODUCT_BUNDLE_IDENTIFIER = com.MicheleManniello.VideoOnThemandDebug;
				PRODUCT_NAME = "$(TARGET_NAME)";
				SWIFT_EMIT_LOC_STRINGS = YES;
				SWIFT_VERSION = 5.0;
				TARGETED_DEVICE_FAMILY = 3;
				TVOS_DEPLOYMENT_TARGET = 26.0;
			};
			name = Debug;
		};
		C4C7A79728A2A08D001CB803 /* Release */ = {
			isa = XCBuildConfiguration;
			buildSettings = {
				ASSETCATALOG_COMPILER_APPICON_NAME = "App Icon & Top Shelf Image";
				ASSETCATALOG_COMPILER_GLOBAL_ACCENT_COLOR_NAME = AccentColor;
				CODE_SIGN_STYLE = Automatic;
				CURRENT_PROJECT_VERSION = 1;
				DEVELOPMENT_ASSET_PATHS = "\"VideoOnThemand/Preview Content\"";
				DEVELOPMENT_TEAM = G7DSPSWXXC;
				ENABLE_PREVIEWS = YES;
				GENERATE_INFOPLIST_FILE = YES;
				INFOPLIST_FILE = VideoOnThemand/Info.plist;
				INFOPLIST_KEY_LSApplicationCategoryType = "";
				INFOPLIST_KEY_NSDocumentsFolderUsageDescription = "";
				INFOPLIST_KEY_NSDownloadsFolderUsageDescription = "";
				INFOPLIST_KEY_UILaunchScreen_Generation = YES;
				INFOPLIST_KEY_UIUserInterfaceStyle = Automatic;
				LD_RUNPATH_SEARCH_PATHS = (
					"$(inherited)",
					"@executable_path/Frameworks",
				);
				MARKETING_VERSION = 2.5;
				PRODUCT_BUNDLE_IDENTIFIER = com.MicheleManniello.VideoOnThemand;
				PRODUCT_NAME = "$(TARGET_NAME)";
				SWIFT_EMIT_LOC_STRINGS = YES;
				SWIFT_VERSION = 5.0;
				TARGETED_DEVICE_FAMILY = 3;
				TVOS_DEPLOYMENT_TARGET = 26.0;
			};
			name = Release;
		};
/* End XCBuildConfiguration section */

/* Begin XCConfigurationList section */
		C4C7A78228A2A08B001CB803 /* Build configuration list for PBXProject "VideoOnThemand" */ = {
			isa = XCConfigurationList;
			buildConfigurations = (
				C4C7A79328A2A08D001CB803 /* Debug */,
				C4C7A79428A2A08D001CB803 /* Release */,
			);
			defaultConfigurationIsVisible = 0;
			defaultConfigurationName = Release;
		};
		C4C7A79528A2A08D001CB803 /* Build configuration list for PBXNativeTarget "VideoOnThemand" */ = {
			isa = XCConfigurationList;
			buildConfigurations = (
				C4C7A79628A2A08D001CB803 /* Debug */,
				C4C7A79728A2A08D001CB803 /* Release */,
			);
			defaultConfigurationIsVisible = 0;
			defaultConfigurationName = Release;
		};
/* End XCConfigurationList section */

/* Begin XCLocalSwiftPackageReference section */
		C4AB2EFE2EB79AC200DAE7BF /* XCLocalSwiftPackageReference "../CachedAsyncImage" */ = {
			isa = XCLocalSwiftPackageReference;
			relativePath = ../CachedAsyncImage;
		};
/* End XCLocalSwiftPackageReference section */

/* Begin XCRemoteSwiftPackageReference section */
		C4C7A7A728A2AC8C001CB803 /* XCRemoteSwiftPackageReference "Alamofire" */ = {
			isa = XCRemoteSwiftPackageReference;
			repositoryURL = "https://github.com/Alamofire/Alamofire";
			requirement = {
				kind = upToNextMajorVersion;
				minimumVersion = 5.0.0;
			};
		};
		C4C7A7AC28A2BD5E001CB803 /* XCRemoteSwiftPackageReference "firebase-ios-sdk" */ = {
			isa = XCRemoteSwiftPackageReference;
			repositoryURL = "https://github.com/firebase/firebase-ios-sdk.git";
			requirement = {
				kind = upToNextMajorVersion;
				minimumVersion = 11.0.0;
			};
		};
/* End XCRemoteSwiftPackageReference section */

/* Begin XCSwiftPackageProductDependency section */
		C4AB2EFF2EB79AC200DAE7BF /* CachedAsyncImage */ = {
			isa = XCSwiftPackageProductDependency;
			productName = CachedAsyncImage;
		};
		C4C7A7A828A2AC8C001CB803 /* Alamofire */ = {
			isa = XCSwiftPackageProductDependency;
			package = C4C7A7A728A2AC8C001CB803 /* XCRemoteSwiftPackageReference "Alamofire" */;
			productName = Alamofire;
		};
		C4C7A7AD28A2BD5E001CB803 /* FirebaseAnalytics */ = {
			isa = XCSwiftPackageProductDependency;
			package = C4C7A7AC28A2BD5E001CB803 /* XCRemoteSwiftPackageReference "firebase-ios-sdk" */;
			productName = FirebaseAnalytics;
		};
		C4C7A7B128A2BD5E001CB803 /* FirebaseAuth */ = {
			isa = XCSwiftPackageProductDependency;
			package = C4C7A7AC28A2BD5E001CB803 /* XCRemoteSwiftPackageReference "firebase-ios-sdk" */;
			productName = FirebaseAuth;
		};
		C4C7A7B328A2BD5E001CB803 /* FirebaseFirestore */ = {
			isa = XCSwiftPackageProductDependency;
			package = C4C7A7AC28A2BD5E001CB803 /* XCRemoteSwiftPackageReference "firebase-ios-sdk" */;
			productName = FirebaseFirestore;
		};
		C4C7A7B728A2BD5E001CB803 /* FirebaseStorage */ = {
			isa = XCSwiftPackageProductDependency;
			package = C4C7A7AC28A2BD5E001CB803 /* XCRemoteSwiftPackageReference "firebase-ios-sdk" */;
			productName = FirebaseStorage;
		};
		C4C7A7B928A2BD5E001CB803 /* FirebaseStorageCombine-Community */ = {
			isa = XCSwiftPackageProductDependency;
			package = C4C7A7AC28A2BD5E001CB803 /* XCRemoteSwiftPackageReference "firebase-ios-sdk" */;
			productName = "FirebaseStorageCombine-Community";
		};
/* End XCSwiftPackageProductDependency section */
	};
	rootObject = C4C7A77F28A2A08B001CB803 /* Project object */;
}
